// !$*UTF8*$!
{
	archiveVersion = 1;
	classes = {
	};
	objectVersion = 46;
	objects = {

/* Begin PBXBuildFile section */
		020361621CC1E2C50092A5D7 /* Todaybhk.appex in Embed App Extensions */ = {isa = PBXBuildFile; fileRef = 0273B24E1CA26FE100071F69 /* Todaybhk.appex */; settings = {ATTRIBUTES = (RemoveHeadersOnCopy, ); }; };
		022F9EF91CA41BD500153FAF /* MKAnnotationView+WebCache.m in Sources */ = {isa = PBXBuildFile; fileRef = 022F9ED91CA41BD500153FAF /* MKAnnotationView+WebCache.m */; };
		022F9EFA1CA41BD500153FAF /* NSData+ImageContentType.m in Sources */ = {isa = PBXBuildFile; fileRef = 022F9EDB1CA41BD500153FAF /* NSData+ImageContentType.m */; };
		022F9EFB1CA41BD500153FAF /* SDImageCache.m in Sources */ = {isa = PBXBuildFile; fileRef = 022F9EDD1CA41BD500153FAF /* SDImageCache.m */; };
		022F9EFC1CA41BD500153FAF /* SDWebImageCompat.m in Sources */ = {isa = PBXBuildFile; fileRef = 022F9EDF1CA41BD500153FAF /* SDWebImageCompat.m */; };
		022F9EFD1CA41BD500153FAF /* SDWebImageDecoder.m in Sources */ = {isa = PBXBuildFile; fileRef = 022F9EE11CA41BD500153FAF /* SDWebImageDecoder.m */; };
		022F9EFE1CA41BD500153FAF /* SDWebImageDownloader.m in Sources */ = {isa = PBXBuildFile; fileRef = 022F9EE31CA41BD500153FAF /* SDWebImageDownloader.m */; };
		022F9EFF1CA41BD500153FAF /* SDWebImageDownloaderOperation.m in Sources */ = {isa = PBXBuildFile; fileRef = 022F9EE51CA41BD500153FAF /* SDWebImageDownloaderOperation.m */; };
		022F9F001CA41BD500153FAF /* SDWebImageManager.m in Sources */ = {isa = PBXBuildFile; fileRef = 022F9EE71CA41BD500153FAF /* SDWebImageManager.m */; };
		022F9F011CA41BD500153FAF /* SDWebImagePrefetcher.m in Sources */ = {isa = PBXBuildFile; fileRef = 022F9EEA1CA41BD500153FAF /* SDWebImagePrefetcher.m */; };
		022F9F021CA41BD500153FAF /* UIButton+WebCache.m in Sources */ = {isa = PBXBuildFile; fileRef = 022F9EEC1CA41BD500153FAF /* UIButton+WebCache.m */; };
		022F9F031CA41BD500153FAF /* UIImage+GIF.m in Sources */ = {isa = PBXBuildFile; fileRef = 022F9EEE1CA41BD500153FAF /* UIImage+GIF.m */; };
		022F9F041CA41BD500153FAF /* UIImage+MultiFormat.m in Sources */ = {isa = PBXBuildFile; fileRef = 022F9EF01CA41BD500153FAF /* UIImage+MultiFormat.m */; };
		022F9F051CA41BD500153FAF /* UIImage+WebP.m in Sources */ = {isa = PBXBuildFile; fileRef = 022F9EF21CA41BD500153FAF /* UIImage+WebP.m */; };
		022F9F061CA41BD500153FAF /* UIImageView+HighlightedWebCache.m in Sources */ = {isa = PBXBuildFile; fileRef = 022F9EF41CA41BD500153FAF /* UIImageView+HighlightedWebCache.m */; };
		022F9F071CA41BD500153FAF /* UIImageView+WebCache.m in Sources */ = {isa = PBXBuildFile; fileRef = 022F9EF61CA41BD500153FAF /* UIImageView+WebCache.m */; };
		022F9F081CA41BD500153FAF /* UIView+WebCacheOperation.m in Sources */ = {isa = PBXBuildFile; fileRef = 022F9EF81CA41BD500153FAF /* UIView+WebCacheOperation.m */; };
		0273B24F1CA26FE100071F69 /* NotificationCenter.framework in Frameworks */ = {isa = PBXBuildFile; fileRef = 0273B2221CA2563900071F69 /* NotificationCenter.framework */; };
		0273B2551CA26FE100071F69 /* TodayViewController.m in Sources */ = {isa = PBXBuildFile; fileRef = 0273B2541CA26FE100071F69 /* TodayViewController.m */; };
		0273B2571CA26FE100071F69 /* MainInterface.storyboard in Resources */ = {isa = PBXBuildFile; fileRef = 0273B2561CA26FE100071F69 /* MainInterface.storyboard */; };
		02910B901C1DD2E4001833C7 /* libsqlite3.dylib in Frameworks */ = {isa = PBXBuildFile; fileRef = 02910B8F1C1DD2E4001833C7 /* libsqlite3.dylib */; };
		02935ADA1C17273F00C855F2 /* bhkFMDB.m in Sources */ = {isa = PBXBuildFile; fileRef = 02935AD91C17273F00C855F2 /* bhkFMDB.m */; };
		029CBF521C7750010012E442 /* Rm2data.m in Sources */ = {isa = PBXBuildFile; fileRef = 029CBF511C7750010012E442 /* Rm2data.m */; };
		029CD84D1D93E1A600EE9138 /* TodayViewController.m in Sources */ = {isa = PBXBuildFile; fileRef = 0273B2541CA26FE100071F69 /* TodayViewController.m */; };
		02CAEEC41C25367600603CF4 /* BLSDKTool.m in Sources */ = {isa = PBXBuildFile; fileRef = 02CAEEC31C25367600603CF4 /* BLSDKTool.m */; };
		02D994741C96EB5C007D6E2F /* ASPopUpView.m in Sources */ = {isa = PBXBuildFile; fileRef = 02D994711C96EB5C007D6E2F /* ASPopUpView.m */; };
		02D994751C96EB5C007D6E2F /* ASProgressPopUpView.m in Sources */ = {isa = PBXBuildFile; fileRef = 02D994731C96EB5C007D6E2F /* ASProgressPopUpView.m */; };
		02D9947B1C971349007D6E2F /* tempprogressView.m in Sources */ = {isa = PBXBuildFile; fileRef = 02D9947A1C971349007D6E2F /* tempprogressView.m */; };
		02D9947E1C971D7F007D6E2F /* humidityprogressView.m in Sources */ = {isa = PBXBuildFile; fileRef = 02D9947D1C971D7F007D6E2F /* humidityprogressView.m */; };
		02D994811C972017007D6E2F /* lightprogressView.m in Sources */ = {isa = PBXBuildFile; fileRef = 02D994801C972017007D6E2F /* lightprogressView.m */; };
		02D994841C972043007D6E2F /* airprogressView.m in Sources */ = {isa = PBXBuildFile; fileRef = 02D994831C972043007D6E2F /* airprogressView.m */; };
		02D994871C972059007D6E2F /* noisyprogressView.m in Sources */ = {isa = PBXBuildFile; fileRef = 02D994861C972059007D6E2F /* noisyprogressView.m */; };
		02F614981C26F9D90075F592 /* UIImage+MJ.m in Sources */ = {isa = PBXBuildFile; fileRef = 02F614971C26F9D90075F592 /* UIImage+MJ.m */; };
		3A06850C1C10766800591885 /* leftviewTableViewController.m in Sources */ = {isa = PBXBuildFile; fileRef = 3A06850B1C10766800591885 /* leftviewTableViewController.m */; };
		3A06850F1C1079FF00591885 /* CustomcontrolViewController.m in Sources */ = {isa = PBXBuildFile; fileRef = 3A06850E1C1079FF00591885 /* CustomcontrolViewController.m */; };
		3A06AE6E1C3D37E000C544BF /* Rm2btn.m in Sources */ = {isa = PBXBuildFile; fileRef = 3A06AE6D1C3D37E000C544BF /* Rm2btn.m */; };
		3A148ED71C282DBB009CA1BB /* DetailspageimageView.m in Sources */ = {isa = PBXBuildFile; fileRef = 3A148ED61C282DBB009CA1BB /* DetailspageimageView.m */; };
		3A1EC3151C21930800F826F4 /* MBProgressHUD.m in Sources */ = {isa = PBXBuildFile; fileRef = 3A1EC3141C21930800F826F4 /* MBProgressHUD.m */; };
		3A1EC31A1C219BA100F826F4 /* MBProgressHUD.bundle in Resources */ = {isa = PBXBuildFile; fileRef = 3A1EC3171C219BA100F826F4 /* MBProgressHUD.bundle */; };
		3A1EC31B1C219BA100F826F4 /* MBProgressHUD+MJ.m in Sources */ = {isa = PBXBuildFile; fileRef = 3A1EC3191C219BA100F826F4 /* MBProgressHUD+MJ.m */; };
		3A2756771C4579AE002075D6 /* RmlistInfo.m in Sources */ = {isa = PBXBuildFile; fileRef = 3A2756761C4579AE002075D6 /* RmlistInfo.m */; };
		3A64FBAA1C2D2911000524D7 /* SplistInfo.m in Sources */ = {isa = PBXBuildFile; fileRef = 3A64FBA91C2D2911000524D7 /* SplistInfo.m */; };
		3A64FBAD1C2D4EC8000524D7 /* Detailbtn.m in Sources */ = {isa = PBXBuildFile; fileRef = 3A64FBAC1C2D4EC8000524D7 /* Detailbtn.m */; };
		3A915E5E1BEB6102005375CE /* BLDeviceInfo.m in Sources */ = {isa = PBXBuildFile; fileRef = 3A915E5D1BEB6102005375CE /* BLDeviceInfo.m */; };
		3A9EF40D1BE8DCDE00F21DD2 /* MainTableViewController.m in Sources */ = {isa = PBXBuildFile; fileRef = 3A9EF40C1BE8DCDE00F21DD2 /* MainTableViewController.m */; };
		3A9EF4171BE8DE2500F21DD2 /* SWRevealViewController.m in Sources */ = {isa = PBXBuildFile; fileRef = 3A9EF4161BE8DE2500F21DD2 /* SWRevealViewController.m */; };
		3AC06D811C1AF60B00068164 /* FMDatabase.m in Sources */ = {isa = PBXBuildFile; fileRef = 3AC06D771C1AF60B00068164 /* FMDatabase.m */; };
		3AC06D821C1AF60B00068164 /* FMDatabaseAdditions.m in Sources */ = {isa = PBXBuildFile; fileRef = 3AC06D791C1AF60B00068164 /* FMDatabaseAdditions.m */; };
		3AC06D831C1AF60B00068164 /* FMDatabasePool.m in Sources */ = {isa = PBXBuildFile; fileRef = 3AC06D7B1C1AF60B00068164 /* FMDatabasePool.m */; };
		3AC06D841C1AF60B00068164 /* FMDatabaseQueue.m in Sources */ = {isa = PBXBuildFile; fileRef = 3AC06D7D1C1AF60B00068164 /* FMDatabaseQueue.m */; };
		3AC06D851C1AF60B00068164 /* FMResultSet.m in Sources */ = {isa = PBXBuildFile; fileRef = 3AC06D801C1AF60B00068164 /* FMResultSet.m */; };
		3AC2CBB91C033CB40029B2D5 /* DeviceCell.m in Sources */ = {isa = PBXBuildFile; fileRef = 3AC2CBB81C033CB40029B2D5 /* DeviceCell.m */; };
		3AC8185A1BE8917000D195F6 /* main.m in Sources */ = {isa = PBXBuildFile; fileRef = 3AC818591BE8917000D195F6 /* main.m */; };
		3AC8185D1BE8917000D195F6 /* AppDelegate.m in Sources */ = {isa = PBXBuildFile; fileRef = 3AC8185C1BE8917000D195F6 /* AppDelegate.m */; };
		3AC818601BE8917000D195F6 /* ViewController.m in Sources */ = {isa = PBXBuildFile; fileRef = 3AC8185F1BE8917000D195F6 /* ViewController.m */; };
		3AC818631BE8917000D195F6 /* Main.storyboard in Resources */ = {isa = PBXBuildFile; fileRef = 3AC818611BE8917000D195F6 /* Main.storyboard */; };
		3AC818651BE8917000D195F6 /* Images.xcassets in Resources */ = {isa = PBXBuildFile; fileRef = 3AC818641BE8917000D195F6 /* Images.xcassets */; };
		3ACE127E1C23D0D1008B0CBD /* libBLNetwork.a in Frameworks */ = {isa = PBXBuildFile; fileRef = 3ACE127A1C23BB58008B0CBD /* libBLNetwork.a */; };
		3ACE12811C241D0D008B0CBD /* A1listInfo.m in Sources */ = {isa = PBXBuildFile; fileRef = 3ACE12801C241D0D008B0CBD /* A1listInfo.m */; };
		3AD807791C17D0B500AC0891 /* libsqlite3.0.tbd in Frameworks */ = {isa = PBXBuildFile; fileRef = 3AD807781C17D0B500AC0891 /* libsqlite3.0.tbd */; };
		3ADAF43D1C231E5000F0CE80 /* MJRefreshAutoFooter.m in Sources */ = {isa = PBXBuildFile; fileRef = 3ADAF4131C231E5000F0CE80 /* MJRefreshAutoFooter.m */; };
		3ADAF43E1C231E5000F0CE80 /* MJRefreshBackFooter.m in Sources */ = {isa = PBXBuildFile; fileRef = 3ADAF4151C231E5000F0CE80 /* MJRefreshBackFooter.m */; };
		3ADAF43F1C231E5000F0CE80 /* MJRefreshComponent.m in Sources */ = {isa = PBXBuildFile; fileRef = 3ADAF4171C231E5000F0CE80 /* MJRefreshComponent.m */; };
		3ADAF4401C231E5000F0CE80 /* MJRefreshFooter.m in Sources */ = {isa = PBXBuildFile; fileRef = 3ADAF4191C231E5000F0CE80 /* MJRefreshFooter.m */; };
		3ADAF4411C231E5000F0CE80 /* MJRefreshHeader.m in Sources */ = {isa = PBXBuildFile; fileRef = 3ADAF41B1C231E5000F0CE80 /* MJRefreshHeader.m */; };
		3ADAF4421C231E5000F0CE80 /* MJRefreshAutoGifFooter.m in Sources */ = {isa = PBXBuildFile; fileRef = 3ADAF4201C231E5000F0CE80 /* MJRefreshAutoGifFooter.m */; };
		3ADAF4431C231E5000F0CE80 /* MJRefreshAutoNormalFooter.m in Sources */ = {isa = PBXBuildFile; fileRef = 3ADAF4221C231E5000F0CE80 /* MJRefreshAutoNormalFooter.m */; };
		3ADAF4441C231E5000F0CE80 /* MJRefreshAutoStateFooter.m in Sources */ = {isa = PBXBuildFile; fileRef = 3ADAF4241C231E5000F0CE80 /* MJRefreshAutoStateFooter.m */; };
		3ADAF4451C231E5000F0CE80 /* MJRefreshBackGifFooter.m in Sources */ = {isa = PBXBuildFile; fileRef = 3ADAF4271C231E5000F0CE80 /* MJRefreshBackGifFooter.m */; };
		3ADAF4461C231E5000F0CE80 /* MJRefreshBackNormalFooter.m in Sources */ = {isa = PBXBuildFile; fileRef = 3ADAF4291C231E5000F0CE80 /* MJRefreshBackNormalFooter.m */; };
		3ADAF4471C231E5000F0CE80 /* MJRefreshBackStateFooter.m in Sources */ = {isa = PBXBuildFile; fileRef = 3ADAF42B1C231E5000F0CE80 /* MJRefreshBackStateFooter.m */; };
		3ADAF4481C231E5000F0CE80 /* MJRefreshGifHeader.m in Sources */ = {isa = PBXBuildFile; fileRef = 3ADAF42E1C231E5000F0CE80 /* MJRefreshGifHeader.m */; };
		3ADAF4491C231E5000F0CE80 /* MJRefreshNormalHeader.m in Sources */ = {isa = PBXBuildFile; fileRef = 3ADAF4301C231E5000F0CE80 /* MJRefreshNormalHeader.m */; };
		3ADAF44A1C231E5000F0CE80 /* MJRefreshStateHeader.m in Sources */ = {isa = PBXBuildFile; fileRef = 3ADAF4321C231E5000F0CE80 /* MJRefreshStateHeader.m */; };
		3ADAF44B1C231E5000F0CE80 /* MJRefresh.bundle in Resources */ = {isa = PBXBuildFile; fileRef = 3ADAF4331C231E5000F0CE80 /* MJRefresh.bundle */; };
		3ADAF44C1C231E5000F0CE80 /* MJRefreshConst.m in Sources */ = {isa = PBXBuildFile; fileRef = 3ADAF4361C231E5000F0CE80 /* MJRefreshConst.m */; };
		3ADAF44D1C231E5000F0CE80 /* UIScrollView+MJExtension.m in Sources */ = {isa = PBXBuildFile; fileRef = 3ADAF4381C231E5000F0CE80 /* UIScrollView+MJExtension.m */; };
		3ADAF44E1C231E5000F0CE80 /* UIScrollView+MJRefresh.m in Sources */ = {isa = PBXBuildFile; fileRef = 3ADAF43A1C231E5000F0CE80 /* UIScrollView+MJRefresh.m */; };
		3ADAF44F1C231E5000F0CE80 /* UIView+MJExtension.m in Sources */ = {isa = PBXBuildFile; fileRef = 3ADAF43C1C231E5000F0CE80 /* UIView+MJExtension.m */; };
		3AE2FEF91C085890009FBA2F /* Spbtn.m in Sources */ = {isa = PBXBuildFile; fileRef = 3AE2FEF81C085890009FBA2F /* Spbtn.m */; };
		3AE2FEFD1C0874E0009FBA2F /* getCurrentWiFiSSID.m in Sources */ = {isa = PBXBuildFile; fileRef = 3AE2FEFC1C0874E0009FBA2F /* getCurrentWiFiSSID.m */; };
		3AEDC6A21BF34F2200868262 /* JSONKit.m in Sources */ = {isa = PBXBuildFile; fileRef = 3AEDC6A11BF34F2200868262 /* JSONKit.m */; settings = {COMPILER_FLAGS = "-fno-objc-arc"; }; };
/* End PBXBuildFile section */

/* Begin PBXContainerItemProxy section */
		020361631CC1E2C50092A5D7 /* PBXContainerItemProxy */ = {
			isa = PBXContainerItemProxy;
			containerPortal = 3AC8184C1BE8917000D195F6 /* Project object */;
			proxyType = 1;
			remoteGlobalIDString = 0273B24D1CA26FE100071F69;
			remoteInfo = Todaybhk;
		};
/* End PBXContainerItemProxy section */

/* Begin PBXCopyFilesBuildPhase section */
		020361651CC1E2C50092A5D7 /* Embed App Extensions */ = {
			isa = PBXCopyFilesBuildPhase;
			buildActionMask = 2147483647;
			dstPath = "";
			dstSubfolderSpec = 13;
			files = (
				020361621CC1E2C50092A5D7 /* Todaybhk.appex in Embed App Extensions */,
			);
			name = "Embed App Extensions";
			runOnlyForDeploymentPostprocessing = 0;
		};
/* End PBXCopyFilesBuildPhase section */

/* Begin PBXFileReference section */
		022F9ED81CA41BD500153FAF /* MKAnnotationView+WebCache.h */ = {isa = PBXFileReference; fileEncoding = 4; lastKnownFileType = sourcecode.c.h; path = "MKAnnotationView+WebCache.h"; sourceTree = "<group>"; };
		022F9ED91CA41BD500153FAF /* MKAnnotationView+WebCache.m */ = {isa = PBXFileReference; fileEncoding = 4; lastKnownFileType = sourcecode.c.objc; path = "MKAnnotationView+WebCache.m"; sourceTree = "<group>"; };
		022F9EDA1CA41BD500153FAF /* NSData+ImageContentType.h */ = {isa = PBXFileReference; fileEncoding = 4; lastKnownFileType = sourcecode.c.h; path = "NSData+ImageContentType.h"; sourceTree = "<group>"; };
		022F9EDB1CA41BD500153FAF /* NSData+ImageContentType.m */ = {isa = PBXFileReference; fileEncoding = 4; lastKnownFileType = sourcecode.c.objc; path = "NSData+ImageContentType.m"; sourceTree = "<group>"; };
		022F9EDC1CA41BD500153FAF /* SDImageCache.h */ = {isa = PBXFileReference; fileEncoding = 4; lastKnownFileType = sourcecode.c.h; path = SDImageCache.h; sourceTree = "<group>"; };
		022F9EDD1CA41BD500153FAF /* SDImageCache.m */ = {isa = PBXFileReference; fileEncoding = 4; lastKnownFileType = sourcecode.c.objc; path = SDImageCache.m; sourceTree = "<group>"; };
		022F9EDE1CA41BD500153FAF /* SDWebImageCompat.h */ = {isa = PBXFileReference; fileEncoding = 4; lastKnownFileType = sourcecode.c.h; path = SDWebImageCompat.h; sourceTree = "<group>"; };
		022F9EDF1CA41BD500153FAF /* SDWebImageCompat.m */ = {isa = PBXFileReference; fileEncoding = 4; lastKnownFileType = sourcecode.c.objc; path = SDWebImageCompat.m; sourceTree = "<group>"; };
		022F9EE01CA41BD500153FAF /* SDWebImageDecoder.h */ = {isa = PBXFileReference; fileEncoding = 4; lastKnownFileType = sourcecode.c.h; path = SDWebImageDecoder.h; sourceTree = "<group>"; };
		022F9EE11CA41BD500153FAF /* SDWebImageDecoder.m */ = {isa = PBXFileReference; fileEncoding = 4; lastKnownFileType = sourcecode.c.objc; path = SDWebImageDecoder.m; sourceTree = "<group>"; };
		022F9EE21CA41BD500153FAF /* SDWebImageDownloader.h */ = {isa = PBXFileReference; fileEncoding = 4; lastKnownFileType = sourcecode.c.h; path = SDWebImageDownloader.h; sourceTree = "<group>"; };
		022F9EE31CA41BD500153FAF /* SDWebImageDownloader.m */ = {isa = PBXFileReference; fileEncoding = 4; lastKnownFileType = sourcecode.c.objc; path = SDWebImageDownloader.m; sourceTree = "<group>"; };
		022F9EE41CA41BD500153FAF /* SDWebImageDownloaderOperation.h */ = {isa = PBXFileReference; fileEncoding = 4; lastKnownFileType = sourcecode.c.h; path = SDWebImageDownloaderOperation.h; sourceTree = "<group>"; };
		022F9EE51CA41BD500153FAF /* SDWebImageDownloaderOperation.m */ = {isa = PBXFileReference; fileEncoding = 4; lastKnownFileType = sourcecode.c.objc; path = SDWebImageDownloaderOperation.m; sourceTree = "<group>"; };
		022F9EE61CA41BD500153FAF /* SDWebImageManager.h */ = {isa = PBXFileReference; fileEncoding = 4; lastKnownFileType = sourcecode.c.h; path = SDWebImageManager.h; sourceTree = "<group>"; };
		022F9EE71CA41BD500153FAF /* SDWebImageManager.m */ = {isa = PBXFileReference; fileEncoding = 4; lastKnownFileType = sourcecode.c.objc; path = SDWebImageManager.m; sourceTree = "<group>"; };
		022F9EE81CA41BD500153FAF /* SDWebImageOperation.h */ = {isa = PBXFileReference; fileEncoding = 4; lastKnownFileType = sourcecode.c.h; path = SDWebImageOperation.h; sourceTree = "<group>"; };
		022F9EE91CA41BD500153FAF /* SDWebImagePrefetcher.h */ = {isa = PBXFileReference; fileEncoding = 4; lastKnownFileType = sourcecode.c.h; path = SDWebImagePrefetcher.h; sourceTree = "<group>"; };
		022F9EEA1CA41BD500153FAF /* SDWebImagePrefetcher.m */ = {isa = PBXFileReference; fileEncoding = 4; lastKnownFileType = sourcecode.c.objc; path = SDWebImagePrefetcher.m; sourceTree = "<group>"; };
		022F9EEB1CA41BD500153FAF /* UIButton+WebCache.h */ = {isa = PBXFileReference; fileEncoding = 4; lastKnownFileType = sourcecode.c.h; path = "UIButton+WebCache.h"; sourceTree = "<group>"; };
		022F9EEC1CA41BD500153FAF /* UIButton+WebCache.m */ = {isa = PBXFileReference; fileEncoding = 4; lastKnownFileType = sourcecode.c.objc; path = "UIButton+WebCache.m"; sourceTree = "<group>"; };
		022F9EED1CA41BD500153FAF /* UIImage+GIF.h */ = {isa = PBXFileReference; fileEncoding = 4; lastKnownFileType = sourcecode.c.h; path = "UIImage+GIF.h"; sourceTree = "<group>"; };
		022F9EEE1CA41BD500153FAF /* UIImage+GIF.m */ = {isa = PBXFileReference; fileEncoding = 4; lastKnownFileType = sourcecode.c.objc; path = "UIImage+GIF.m"; sourceTree = "<group>"; };
		022F9EEF1CA41BD500153FAF /* UIImage+MultiFormat.h */ = {isa = PBXFileReference; fileEncoding = 4; lastKnownFileType = sourcecode.c.h; path = "UIImage+MultiFormat.h"; sourceTree = "<group>"; };
		022F9EF01CA41BD500153FAF /* UIImage+MultiFormat.m */ = {isa = PBXFileReference; fileEncoding = 4; lastKnownFileType = sourcecode.c.objc; path = "UIImage+MultiFormat.m"; sourceTree = "<group>"; };
		022F9EF11CA41BD500153FAF /* UIImage+WebP.h */ = {isa = PBXFileReference; fileEncoding = 4; lastKnownFileType = sourcecode.c.h; path = "UIImage+WebP.h"; sourceTree = "<group>"; };
		022F9EF21CA41BD500153FAF /* UIImage+WebP.m */ = {isa = PBXFileReference; fileEncoding = 4; lastKnownFileType = sourcecode.c.objc; path = "UIImage+WebP.m"; sourceTree = "<group>"; };
		022F9EF31CA41BD500153FAF /* UIImageView+HighlightedWebCache.h */ = {isa = PBXFileReference; fileEncoding = 4; lastKnownFileType = sourcecode.c.h; path = "UIImageView+HighlightedWebCache.h"; sourceTree = "<group>"; };
		022F9EF41CA41BD500153FAF /* UIImageView+HighlightedWebCache.m */ = {isa = PBXFileReference; fileEncoding = 4; lastKnownFileType = sourcecode.c.objc; path = "UIImageView+HighlightedWebCache.m"; sourceTree = "<group>"; };
		022F9EF51CA41BD500153FAF /* UIImageView+WebCache.h */ = {isa = PBXFileReference; fileEncoding = 4; lastKnownFileType = sourcecode.c.h; path = "UIImageView+WebCache.h"; sourceTree = "<group>"; };
		022F9EF61CA41BD500153FAF /* UIImageView+WebCache.m */ = {isa = PBXFileReference; fileEncoding = 4; lastKnownFileType = sourcecode.c.objc; path = "UIImageView+WebCache.m"; sourceTree = "<group>"; };
		022F9EF71CA41BD500153FAF /* UIView+WebCacheOperation.h */ = {isa = PBXFileReference; fileEncoding = 4; lastKnownFileType = sourcecode.c.h; path = "UIView+WebCacheOperation.h"; sourceTree = "<group>"; };
		022F9EF81CA41BD500153FAF /* UIView+WebCacheOperation.m */ = {isa = PBXFileReference; fileEncoding = 4; lastKnownFileType = sourcecode.c.objc; path = "UIView+WebCacheOperation.m"; sourceTree = "<group>"; };
		0273B2221CA2563900071F69 /* NotificationCenter.framework */ = {isa = PBXFileReference; lastKnownFileType = wrapper.framework; name = NotificationCenter.framework; path = System/Library/Frameworks/NotificationCenter.framework; sourceTree = SDKROOT; };
		0273B24E1CA26FE100071F69 /* Todaybhk.appex */ = {isa = PBXFileReference; explicitFileType = "wrapper.app-extension"; includeInIndex = 0; path = Todaybhk.appex; sourceTree = BUILT_PRODUCTS_DIR; };
		0273B2521CA26FE100071F69 /* Info.plist */ = {isa = PBXFileReference; lastKnownFileType = text.plist.xml; path = Info.plist; sourceTree = "<group>"; };
		0273B2531CA26FE100071F69 /* TodayViewController.h */ = {isa = PBXFileReference; lastKnownFileType = sourcecode.c.h; path = TodayViewController.h; sourceTree = "<group>"; };
		0273B2541CA26FE100071F69 /* TodayViewController.m */ = {isa = PBXFileReference; lastKnownFileType = sourcecode.c.objc; path = TodayViewController.m; sourceTree = "<group>"; };
		0273B2561CA26FE100071F69 /* MainInterface.storyboard */ = {isa = PBXFileReference; lastKnownFileType = file.storyboard; path = MainInterface.storyboard; sourceTree = "<group>"; };
		02910B8F1C1DD2E4001833C7 /* libsqlite3.dylib */ = {isa = PBXFileReference; lastKnownFileType = "compiled.mach-o.dylib"; name = libsqlite3.dylib; path = ../libsqlite3.dylib; sourceTree = "<group>"; };
		02935AD81C17273F00C855F2 /* bhkFMDB.h */ = {isa = PBXFileReference; fileEncoding = 4; lastKnownFileType = sourcecode.c.h; name = bhkFMDB.h; path = 3rd/bhkFMDB.h; sourceTree = "<group>"; };
		02935AD91C17273F00C855F2 /* bhkFMDB.m */ = {isa = PBXFileReference; fileEncoding = 4; lastKnownFileType = sourcecode.c.objc; name = bhkFMDB.m; path = 3rd/bhkFMDB.m; sourceTree = "<group>"; };
		029CBF501C7750010012E442 /* Rm2data.h */ = {isa = PBXFileReference; fileEncoding = 4; lastKnownFileType = sourcecode.c.h; path = Rm2data.h; sourceTree = "<group>"; };
		029CBF511C7750010012E442 /* Rm2data.m */ = {isa = PBXFileReference; fileEncoding = 4; lastKnownFileType = sourcecode.c.objc; path = Rm2data.m; sourceTree = "<group>"; };
		02CAEEC21C25367600603CF4 /* BLSDKTool.h */ = {isa = PBXFileReference; fileEncoding = 4; lastKnownFileType = sourcecode.c.h; name = BLSDKTool.h; path = lib/BLSDKTool.h; sourceTree = "<group>"; };
		02CAEEC31C25367600603CF4 /* BLSDKTool.m */ = {isa = PBXFileReference; fileEncoding = 4; lastKnownFileType = sourcecode.c.objc; name = BLSDKTool.m; path = lib/BLSDKTool.m; sourceTree = "<group>"; };
		02D994701C96EB5C007D6E2F /* ASPopUpView.h */ = {isa = PBXFileReference; fileEncoding = 4; lastKnownFileType = sourcecode.c.h; path = ASPopUpView.h; sourceTree = "<group>"; };
		02D994711C96EB5C007D6E2F /* ASPopUpView.m */ = {isa = PBXFileReference; fileEncoding = 4; lastKnownFileType = sourcecode.c.objc; path = ASPopUpView.m; sourceTree = "<group>"; };
		02D994721C96EB5C007D6E2F /* ASProgressPopUpView.h */ = {isa = PBXFileReference; fileEncoding = 4; lastKnownFileType = sourcecode.c.h; path = ASProgressPopUpView.h; sourceTree = "<group>"; };
		02D994731C96EB5C007D6E2F /* ASProgressPopUpView.m */ = {isa = PBXFileReference; fileEncoding = 4; lastKnownFileType = sourcecode.c.objc; path = ASProgressPopUpView.m; sourceTree = "<group>"; };
		02D994791C971349007D6E2F /* tempprogressView.h */ = {isa = PBXFileReference; fileEncoding = 4; lastKnownFileType = sourcecode.c.h; path = tempprogressView.h; sourceTree = "<group>"; };
		02D9947A1C971349007D6E2F /* tempprogressView.m */ = {isa = PBXFileReference; fileEncoding = 4; lastKnownFileType = sourcecode.c.objc; path = tempprogressView.m; sourceTree = "<group>"; };
		02D9947C1C971D7F007D6E2F /* humidityprogressView.h */ = {isa = PBXFileReference; fileEncoding = 4; lastKnownFileType = sourcecode.c.h; path = humidityprogressView.h; sourceTree = "<group>"; };
		02D9947D1C971D7F007D6E2F /* humidityprogressView.m */ = {isa = PBXFileReference; fileEncoding = 4; lastKnownFileType = sourcecode.c.objc; path = humidityprogressView.m; sourceTree = "<group>"; };
		02D9947F1C972017007D6E2F /* lightprogressView.h */ = {isa = PBXFileReference; fileEncoding = 4; lastKnownFileType = sourcecode.c.h; path = lightprogressView.h; sourceTree = "<group>"; };
		02D994801C972017007D6E2F /* lightprogressView.m */ = {isa = PBXFileReference; fileEncoding = 4; lastKnownFileType = sourcecode.c.objc; path = lightprogressView.m; sourceTree = "<group>"; };
		02D994821C972043007D6E2F /* airprogressView.h */ = {isa = PBXFileReference; fileEncoding = 4; lastKnownFileType = sourcecode.c.h; path = airprogressView.h; sourceTree = "<group>"; };
		02D994831C972043007D6E2F /* airprogressView.m */ = {isa = PBXFileReference; fileEncoding = 4; lastKnownFileType = sourcecode.c.objc; path = airprogressView.m; sourceTree = "<group>"; };
		02D994851C972059007D6E2F /* noisyprogressView.h */ = {isa = PBXFileReference; fileEncoding = 4; lastKnownFileType = sourcecode.c.h; path = noisyprogressView.h; sourceTree = "<group>"; };
		02D994861C972059007D6E2F /* noisyprogressView.m */ = {isa = PBXFileReference; fileEncoding = 4; lastKnownFileType = sourcecode.c.objc; path = noisyprogressView.m; sourceTree = "<group>"; };
		02F614931C26B2010075F592 /* bhkCommon.h */ = {isa = PBXFileReference; fileEncoding = 4; lastKnownFileType = sourcecode.c.h; name = bhkCommon.h; path = lib/bhkCommon.h; sourceTree = "<group>"; };
		02F614961C26F9D90075F592 /* UIImage+MJ.h */ = {isa = PBXFileReference; fileEncoding = 4; lastKnownFileType = sourcecode.c.h; name = "UIImage+MJ.h"; path = "lib/UIImage+MJ.h"; sourceTree = "<group>"; };
		02F614971C26F9D90075F592 /* UIImage+MJ.m */ = {isa = PBXFileReference; fileEncoding = 4; lastKnownFileType = sourcecode.c.objc; name = "UIImage+MJ.m"; path = "lib/UIImage+MJ.m"; sourceTree = "<group>"; };
		3A06850A1C10766800591885 /* leftviewTableViewController.h */ = {isa = PBXFileReference; fileEncoding = 4; lastKnownFileType = sourcecode.c.h; name = leftviewTableViewController.h; path = ../leftviewTableViewController.h; sourceTree = "<group>"; };
		3A06850B1C10766800591885 /* leftviewTableViewController.m */ = {isa = PBXFileReference; fileEncoding = 4; lastKnownFileType = sourcecode.c.objc; name = leftviewTableViewController.m; path = ../leftviewTableViewController.m; sourceTree = "<group>"; };
		3A06850D1C1079FF00591885 /* CustomcontrolViewController.h */ = {isa = PBXFileReference; fileEncoding = 4; lastKnownFileType = sourcecode.c.h; path = CustomcontrolViewController.h; sourceTree = "<group>"; };
		3A06850E1C1079FF00591885 /* CustomcontrolViewController.m */ = {isa = PBXFileReference; fileEncoding = 4; lastKnownFileType = sourcecode.c.objc; path = CustomcontrolViewController.m; sourceTree = "<group>"; };
		3A06AE6C1C3D37E000C544BF /* Rm2btn.h */ = {isa = PBXFileReference; fileEncoding = 4; lastKnownFileType = sourcecode.c.h; path = Rm2btn.h; sourceTree = "<group>"; };
		3A06AE6D1C3D37E000C544BF /* Rm2btn.m */ = {isa = PBXFileReference; fileEncoding = 4; lastKnownFileType = sourcecode.c.objc; path = Rm2btn.m; sourceTree = "<group>"; };
		3A148ED51C282DBB009CA1BB /* DetailspageimageView.h */ = {isa = PBXFileReference; fileEncoding = 4; lastKnownFileType = sourcecode.c.h; path = DetailspageimageView.h; sourceTree = "<group>"; };
		3A148ED61C282DBB009CA1BB /* DetailspageimageView.m */ = {isa = PBXFileReference; fileEncoding = 4; lastKnownFileType = sourcecode.c.objc; path = DetailspageimageView.m; sourceTree = "<group>"; };
		3A1EC3131C21930800F826F4 /* MBProgressHUD.h */ = {isa = PBXFileReference; fileEncoding = 4; lastKnownFileType = sourcecode.c.h; name = MBProgressHUD.h; path = 3rd/MBProgressHUD/MBProgressHUD.h; sourceTree = "<group>"; };
		3A1EC3141C21930800F826F4 /* MBProgressHUD.m */ = {isa = PBXFileReference; fileEncoding = 4; lastKnownFileType = sourcecode.c.objc; name = MBProgressHUD.m; path = 3rd/MBProgressHUD/MBProgressHUD.m; sourceTree = "<group>"; };
		3A1EC3171C219BA100F826F4 /* MBProgressHUD.bundle */ = {isa = PBXFileReference; lastKnownFileType = "wrapper.plug-in"; name = MBProgressHUD.bundle; path = 3rd/MBProgressHUD/MBProgressHUD.bundle; sourceTree = "<group>"; };
		3A1EC3181C219BA100F826F4 /* MBProgressHUD+MJ.h */ = {isa = PBXFileReference; fileEncoding = 4; lastKnownFileType = sourcecode.c.h; name = "MBProgressHUD+MJ.h"; path = "3rd/MBProgressHUD/MBProgressHUD+MJ.h"; sourceTree = "<group>"; };
		3A1EC3191C219BA100F826F4 /* MBProgressHUD+MJ.m */ = {isa = PBXFileReference; fileEncoding = 4; lastKnownFileType = sourcecode.c.objc; name = "MBProgressHUD+MJ.m"; path = "3rd/MBProgressHUD/MBProgressHUD+MJ.m"; sourceTree = "<group>"; };
		3A2756751C4579AE002075D6 /* RmlistInfo.h */ = {isa = PBXFileReference; fileEncoding = 4; lastKnownFileType = sourcecode.c.h; path = RmlistInfo.h; sourceTree = "<group>"; };
		3A2756761C4579AE002075D6 /* RmlistInfo.m */ = {isa = PBXFileReference; fileEncoding = 4; lastKnownFileType = sourcecode.c.objc; path = RmlistInfo.m; sourceTree = "<group>"; };
		3A64FBA81C2D2911000524D7 /* SplistInfo.h */ = {isa = PBXFileReference; fileEncoding = 4; lastKnownFileType = sourcecode.c.h; path = SplistInfo.h; sourceTree = "<group>"; };
		3A64FBA91C2D2911000524D7 /* SplistInfo.m */ = {isa = PBXFileReference; fileEncoding = 4; lastKnownFileType = sourcecode.c.objc; path = SplistInfo.m; sourceTree = "<group>"; };
		3A64FBAB1C2D4EC8000524D7 /* Detailbtn.h */ = {isa = PBXFileReference; fileEncoding = 4; lastKnownFileType = sourcecode.c.h; path = Detailbtn.h; sourceTree = "<group>"; };
		3A64FBAC1C2D4EC8000524D7 /* Detailbtn.m */ = {isa = PBXFileReference; fileEncoding = 4; lastKnownFileType = sourcecode.c.objc; path = Detailbtn.m; sourceTree = "<group>"; };
		3A915E5C1BEB6102005375CE /* BLDeviceInfo.h */ = {isa = PBXFileReference; fileEncoding = 4; lastKnownFileType = sourcecode.c.h; path = BLDeviceInfo.h; sourceTree = "<group>"; };
		3A915E5D1BEB6102005375CE /* BLDeviceInfo.m */ = {isa = PBXFileReference; fileEncoding = 4; lastKnownFileType = sourcecode.c.objc; path = BLDeviceInfo.m; sourceTree = "<group>"; };
		3A9EF40B1BE8DCDE00F21DD2 /* MainTableViewController.h */ = {isa = PBXFileReference; fileEncoding = 4; lastKnownFileType = sourcecode.c.h; name = MainTableViewController.h; path = ../MainTableViewController.h; sourceTree = "<group>"; };
		3A9EF40C1BE8DCDE00F21DD2 /* MainTableViewController.m */ = {isa = PBXFileReference; fileEncoding = 4; lastKnownFileType = sourcecode.c.objc; name = MainTableViewController.m; path = ../MainTableViewController.m; sourceTree = "<group>"; };
		3A9EF4151BE8DE2500F21DD2 /* SWRevealViewController.h */ = {isa = PBXFileReference; fileEncoding = 4; lastKnownFileType = sourcecode.c.h; name = SWRevealViewController.h; path = SWRevealViewController/SWRevealViewController.h; sourceTree = "<group>"; };
		3A9EF4161BE8DE2500F21DD2 /* SWRevealViewController.m */ = {isa = PBXFileReference; fileEncoding = 4; lastKnownFileType = sourcecode.c.objc; name = SWRevealViewController.m; path = SWRevealViewController/SWRevealViewController.m; sourceTree = "<group>"; };
		3AC06D761C1AF60B00068164 /* FMDatabase.h */ = {isa = PBXFileReference; fileEncoding = 4; lastKnownFileType = sourcecode.c.h; name = FMDatabase.h; path = 3rd/fmdb/FMDatabase.h; sourceTree = "<group>"; };
		3AC06D771C1AF60B00068164 /* FMDatabase.m */ = {isa = PBXFileReference; fileEncoding = 4; lastKnownFileType = sourcecode.c.objc; name = FMDatabase.m; path = 3rd/fmdb/FMDatabase.m; sourceTree = "<group>"; };
		3AC06D781C1AF60B00068164 /* FMDatabaseAdditions.h */ = {isa = PBXFileReference; fileEncoding = 4; lastKnownFileType = sourcecode.c.h; name = FMDatabaseAdditions.h; path = 3rd/fmdb/FMDatabaseAdditions.h; sourceTree = "<group>"; };
		3AC06D791C1AF60B00068164 /* FMDatabaseAdditions.m */ = {isa = PBXFileReference; fileEncoding = 4; lastKnownFileType = sourcecode.c.objc; name = FMDatabaseAdditions.m; path = 3rd/fmdb/FMDatabaseAdditions.m; sourceTree = "<group>"; };
		3AC06D7A1C1AF60B00068164 /* FMDatabasePool.h */ = {isa = PBXFileReference; fileEncoding = 4; lastKnownFileType = sourcecode.c.h; name = FMDatabasePool.h; path = 3rd/fmdb/FMDatabasePool.h; sourceTree = "<group>"; };
		3AC06D7B1C1AF60B00068164 /* FMDatabasePool.m */ = {isa = PBXFileReference; fileEncoding = 4; lastKnownFileType = sourcecode.c.objc; name = FMDatabasePool.m; path = 3rd/fmdb/FMDatabasePool.m; sourceTree = "<group>"; };
		3AC06D7C1C1AF60B00068164 /* FMDatabaseQueue.h */ = {isa = PBXFileReference; fileEncoding = 4; lastKnownFileType = sourcecode.c.h; name = FMDatabaseQueue.h; path = 3rd/fmdb/FMDatabaseQueue.h; sourceTree = "<group>"; };
		3AC06D7D1C1AF60B00068164 /* FMDatabaseQueue.m */ = {isa = PBXFileReference; fileEncoding = 4; lastKnownFileType = sourcecode.c.objc; name = FMDatabaseQueue.m; path = 3rd/fmdb/FMDatabaseQueue.m; sourceTree = "<group>"; };
		3AC06D7E1C1AF60B00068164 /* FMDB.h */ = {isa = PBXFileReference; fileEncoding = 4; lastKnownFileType = sourcecode.c.h; name = FMDB.h; path = 3rd/fmdb/FMDB.h; sourceTree = "<group>"; };
		3AC06D7F1C1AF60B00068164 /* FMResultSet.h */ = {isa = PBXFileReference; fileEncoding = 4; lastKnownFileType = sourcecode.c.h; name = FMResultSet.h; path = 3rd/fmdb/FMResultSet.h; sourceTree = "<group>"; };
		3AC06D801C1AF60B00068164 /* FMResultSet.m */ = {isa = PBXFileReference; fileEncoding = 4; lastKnownFileType = sourcecode.c.objc; name = FMResultSet.m; path = 3rd/fmdb/FMResultSet.m; sourceTree = "<group>"; };
		3AC2CBB71C033CB40029B2D5 /* DeviceCell.h */ = {isa = PBXFileReference; fileEncoding = 4; lastKnownFileType = sourcecode.c.h; path = DeviceCell.h; sourceTree = "<group>"; };
		3AC2CBB81C033CB40029B2D5 /* DeviceCell.m */ = {isa = PBXFileReference; fileEncoding = 4; lastKnownFileType = sourcecode.c.objc; path = DeviceCell.m; sourceTree = "<group>"; };
		3AC818541BE8917000D195F6 /* bhkreader.app */ = {isa = PBXFileReference; explicitFileType = wrapper.application; includeInIndex = 0; path = bhkreader.app; sourceTree = BUILT_PRODUCTS_DIR; };
		3AC818581BE8917000D195F6 /* Info.plist */ = {isa = PBXFileReference; lastKnownFileType = text.plist.xml; path = Info.plist; sourceTree = "<group>"; };
		3AC818591BE8917000D195F6 /* main.m */ = {isa = PBXFileReference; lastKnownFileType = sourcecode.c.objc; path = main.m; sourceTree = "<group>"; };
		3AC8185B1BE8917000D195F6 /* AppDelegate.h */ = {isa = PBXFileReference; lastKnownFileType = sourcecode.c.h; path = AppDelegate.h; sourceTree = "<group>"; };
		3AC8185C1BE8917000D195F6 /* AppDelegate.m */ = {isa = PBXFileReference; lastKnownFileType = sourcecode.c.objc; path = AppDelegate.m; sourceTree = "<group>"; };
		3AC8185E1BE8917000D195F6 /* ViewController.h */ = {isa = PBXFileReference; lastKnownFileType = sourcecode.c.h; path = ViewController.h; sourceTree = "<group>"; };
		3AC8185F1BE8917000D195F6 /* ViewController.m */ = {isa = PBXFileReference; lastKnownFileType = sourcecode.c.objc; path = ViewController.m; sourceTree = "<group>"; };
		3AC818621BE8917000D195F6 /* Base */ = {isa = PBXFileReference; lastKnownFileType = file.storyboard; name = Base; path = Base.lproj/Main.storyboard; sourceTree = "<group>"; };
		3AC818641BE8917000D195F6 /* Images.xcassets */ = {isa = PBXFileReference; lastKnownFileType = folder.assetcatalog; path = Images.xcassets; sourceTree = "<group>"; };
		3AC818721BE8917000D195F6 /* Info.plist */ = {isa = PBXFileReference; lastKnownFileType = text.plist.xml; path = Info.plist; sourceTree = "<group>"; };
		3AC818731BE8917000D195F6 /* bhkreaderTests.m */ = {isa = PBXFileReference; lastKnownFileType = sourcecode.c.objc; path = bhkreaderTests.m; sourceTree = "<group>"; };
		3ACE127A1C23BB58008B0CBD /* libBLNetwork.a */ = {isa = PBXFileReference; lastKnownFileType = archive.ar; path = libBLNetwork.a; sourceTree = "<group>"; };
		3ACE127F1C241D0D008B0CBD /* A1listInfo.h */ = {isa = PBXFileReference; fileEncoding = 4; lastKnownFileType = sourcecode.c.h; path = A1listInfo.h; sourceTree = "<group>"; };
		3ACE12801C241D0D008B0CBD /* A1listInfo.m */ = {isa = PBXFileReference; fileEncoding = 4; lastKnownFileType = sourcecode.c.objc; path = A1listInfo.m; sourceTree = "<group>"; };
		3AD807781C17D0B500AC0891 /* libsqlite3.0.tbd */ = {isa = PBXFileReference; lastKnownFileType = "sourcecode.text-based-dylib-definition"; name = libsqlite3.0.tbd; path = usr/lib/libsqlite3.0.tbd; sourceTree = SDKROOT; };
		3ADAF4121C231E5000F0CE80 /* MJRefreshAutoFooter.h */ = {isa = PBXFileReference; fileEncoding = 4; lastKnownFileType = sourcecode.c.h; path = MJRefreshAutoFooter.h; sourceTree = "<group>"; };
		3ADAF4131C231E5000F0CE80 /* MJRefreshAutoFooter.m */ = {isa = PBXFileReference; fileEncoding = 4; lastKnownFileType = sourcecode.c.objc; path = MJRefreshAutoFooter.m; sourceTree = "<group>"; };
		3ADAF4141C231E5000F0CE80 /* MJRefreshBackFooter.h */ = {isa = PBXFileReference; fileEncoding = 4; lastKnownFileType = sourcecode.c.h; path = MJRefreshBackFooter.h; sourceTree = "<group>"; };
		3ADAF4151C231E5000F0CE80 /* MJRefreshBackFooter.m */ = {isa = PBXFileReference; fileEncoding = 4; lastKnownFileType = sourcecode.c.objc; path = MJRefreshBackFooter.m; sourceTree = "<group>"; };
		3ADAF4161C231E5000F0CE80 /* MJRefreshComponent.h */ = {isa = PBXFileReference; fileEncoding = 4; lastKnownFileType = sourcecode.c.h; path = MJRefreshComponent.h; sourceTree = "<group>"; };
		3ADAF4171C231E5000F0CE80 /* MJRefreshComponent.m */ = {isa = PBXFileReference; fileEncoding = 4; lastKnownFileType = sourcecode.c.objc; path = MJRefreshComponent.m; sourceTree = "<group>"; };
		3ADAF4181C231E5000F0CE80 /* MJRefreshFooter.h */ = {isa = PBXFileReference; fileEncoding = 4; lastKnownFileType = sourcecode.c.h; path = MJRefreshFooter.h; sourceTree = "<group>"; };
		3ADAF4191C231E5000F0CE80 /* MJRefreshFooter.m */ = {isa = PBXFileReference; fileEncoding = 4; lastKnownFileType = sourcecode.c.objc; path = MJRefreshFooter.m; sourceTree = "<group>"; };
		3ADAF41A1C231E5000F0CE80 /* MJRefreshHeader.h */ = {isa = PBXFileReference; fileEncoding = 4; lastKnownFileType = sourcecode.c.h; path = MJRefreshHeader.h; sourceTree = "<group>"; };
		3ADAF41B1C231E5000F0CE80 /* MJRefreshHeader.m */ = {isa = PBXFileReference; fileEncoding = 4; lastKnownFileType = sourcecode.c.objc; path = MJRefreshHeader.m; sourceTree = "<group>"; };
		3ADAF41F1C231E5000F0CE80 /* MJRefreshAutoGifFooter.h */ = {isa = PBXFileReference; fileEncoding = 4; lastKnownFileType = sourcecode.c.h; path = MJRefreshAutoGifFooter.h; sourceTree = "<group>"; };
		3ADAF4201C231E5000F0CE80 /* MJRefreshAutoGifFooter.m */ = {isa = PBXFileReference; fileEncoding = 4; lastKnownFileType = sourcecode.c.objc; path = MJRefreshAutoGifFooter.m; sourceTree = "<group>"; };
		3ADAF4211C231E5000F0CE80 /* MJRefreshAutoNormalFooter.h */ = {isa = PBXFileReference; fileEncoding = 4; lastKnownFileType = sourcecode.c.h; path = MJRefreshAutoNormalFooter.h; sourceTree = "<group>"; };
		3ADAF4221C231E5000F0CE80 /* MJRefreshAutoNormalFooter.m */ = {isa = PBXFileReference; fileEncoding = 4; lastKnownFileType = sourcecode.c.objc; path = MJRefreshAutoNormalFooter.m; sourceTree = "<group>"; };
		3ADAF4231C231E5000F0CE80 /* MJRefreshAutoStateFooter.h */ = {isa = PBXFileReference; fileEncoding = 4; lastKnownFileType = sourcecode.c.h; path = MJRefreshAutoStateFooter.h; sourceTree = "<group>"; };
		3ADAF4241C231E5000F0CE80 /* MJRefreshAutoStateFooter.m */ = {isa = PBXFileReference; fileEncoding = 4; lastKnownFileType = sourcecode.c.objc; path = MJRefreshAutoStateFooter.m; sourceTree = "<group>"; };
		3ADAF4261C231E5000F0CE80 /* MJRefreshBackGifFooter.h */ = {isa = PBXFileReference; fileEncoding = 4; lastKnownFileType = sourcecode.c.h; path = MJRefreshBackGifFooter.h; sourceTree = "<group>"; };
		3ADAF4271C231E5000F0CE80 /* MJRefreshBackGifFooter.m */ = {isa = PBXFileReference; fileEncoding = 4; lastKnownFileType = sourcecode.c.objc; path = MJRefreshBackGifFooter.m; sourceTree = "<group>"; };
		3ADAF4281C231E5000F0CE80 /* MJRefreshBackNormalFooter.h */ = {isa = PBXFileReference; fileEncoding = 4; lastKnownFileType = sourcecode.c.h; path = MJRefreshBackNormalFooter.h; sourceTree = "<group>"; };
		3ADAF4291C231E5000F0CE80 /* MJRefreshBackNormalFooter.m */ = {isa = PBXFileReference; fileEncoding = 4; lastKnownFileType = sourcecode.c.objc; path = MJRefreshBackNormalFooter.m; sourceTree = "<group>"; };
		3ADAF42A1C231E5000F0CE80 /* MJRefreshBackStateFooter.h */ = {isa = PBXFileReference; fileEncoding = 4; lastKnownFileType = sourcecode.c.h; path = MJRefreshBackStateFooter.h; sourceTree = "<group>"; };
		3ADAF42B1C231E5000F0CE80 /* MJRefreshBackStateFooter.m */ = {isa = PBXFileReference; fileEncoding = 4; lastKnownFileType = sourcecode.c.objc; path = MJRefreshBackStateFooter.m; sourceTree = "<group>"; };
		3ADAF42D1C231E5000F0CE80 /* MJRefreshGifHeader.h */ = {isa = PBXFileReference; fileEncoding = 4; lastKnownFileType = sourcecode.c.h; path = MJRefreshGifHeader.h; sourceTree = "<group>"; };
		3ADAF42E1C231E5000F0CE80 /* MJRefreshGifHeader.m */ = {isa = PBXFileReference; fileEncoding = 4; lastKnownFileType = sourcecode.c.objc; path = MJRefreshGifHeader.m; sourceTree = "<group>"; };
		3ADAF42F1C231E5000F0CE80 /* MJRefreshNormalHeader.h */ = {isa = PBXFileReference; fileEncoding = 4; lastKnownFileType = sourcecode.c.h; path = MJRefreshNormalHeader.h; sourceTree = "<group>"; };
		3ADAF4301C231E5000F0CE80 /* MJRefreshNormalHeader.m */ = {isa = PBXFileReference; fileEncoding = 4; lastKnownFileType = sourcecode.c.objc; path = MJRefreshNormalHeader.m; sourceTree = "<group>"; };
		3ADAF4311C231E5000F0CE80 /* MJRefreshStateHeader.h */ = {isa = PBXFileReference; fileEncoding = 4; lastKnownFileType = sourcecode.c.h; path = MJRefreshStateHeader.h; sourceTree = "<group>"; };
		3ADAF4321C231E5000F0CE80 /* MJRefreshStateHeader.m */ = {isa = PBXFileReference; fileEncoding = 4; lastKnownFileType = sourcecode.c.objc; path = MJRefreshStateHeader.m; sourceTree = "<group>"; };
		3ADAF4331C231E5000F0CE80 /* MJRefresh.bundle */ = {isa = PBXFileReference; lastKnownFileType = "wrapper.plug-in"; path = MJRefresh.bundle; sourceTree = "<group>"; };
		3ADAF4341C231E5000F0CE80 /* MJRefresh.h */ = {isa = PBXFileReference; fileEncoding = 4; lastKnownFileType = sourcecode.c.h; path = MJRefresh.h; sourceTree = "<group>"; };
		3ADAF4351C231E5000F0CE80 /* MJRefreshConst.h */ = {isa = PBXFileReference; fileEncoding = 4; lastKnownFileType = sourcecode.c.h; path = MJRefreshConst.h; sourceTree = "<group>"; };
		3ADAF4361C231E5000F0CE80 /* MJRefreshConst.m */ = {isa = PBXFileReference; fileEncoding = 4; lastKnownFileType = sourcecode.c.objc; path = MJRefreshConst.m; sourceTree = "<group>"; };
		3ADAF4371C231E5000F0CE80 /* UIScrollView+MJExtension.h */ = {isa = PBXFileReference; fileEncoding = 4; lastKnownFileType = sourcecode.c.h; path = "UIScrollView+MJExtension.h"; sourceTree = "<group>"; };
		3ADAF4381C231E5000F0CE80 /* UIScrollView+MJExtension.m */ = {isa = PBXFileReference; fileEncoding = 4; lastKnownFileType = sourcecode.c.objc; path = "UIScrollView+MJExtension.m"; sourceTree = "<group>"; };
		3ADAF4391C231E5000F0CE80 /* UIScrollView+MJRefresh.h */ = {isa = PBXFileReference; fileEncoding = 4; lastKnownFileType = sourcecode.c.h; path = "UIScrollView+MJRefresh.h"; sourceTree = "<group>"; };
		3ADAF43A1C231E5000F0CE80 /* UIScrollView+MJRefresh.m */ = {isa = PBXFileReference; fileEncoding = 4; lastKnownFileType = sourcecode.c.objc; path = "UIScrollView+MJRefresh.m"; sourceTree = "<group>"; };
		3ADAF43B1C231E5000F0CE80 /* UIView+MJExtension.h */ = {isa = PBXFileReference; fileEncoding = 4; lastKnownFileType = sourcecode.c.h; path = "UIView+MJExtension.h"; sourceTree = "<group>"; };
		3ADAF43C1C231E5000F0CE80 /* UIView+MJExtension.m */ = {isa = PBXFileReference; fileEncoding = 4; lastKnownFileType = sourcecode.c.objc; path = "UIView+MJExtension.m"; sourceTree = "<group>"; };
		3AE2FEF71C085890009FBA2F /* Spbtn.h */ = {isa = PBXFileReference; fileEncoding = 4; lastKnownFileType = sourcecode.c.h; path = Spbtn.h; sourceTree = "<group>"; };
		3AE2FEF81C085890009FBA2F /* Spbtn.m */ = {isa = PBXFileReference; fileEncoding = 4; lastKnownFileType = sourcecode.c.objc; path = Spbtn.m; sourceTree = "<group>"; };
		3AE2FEFB1C0874E0009FBA2F /* getCurrentWiFiSSID.h */ = {isa = PBXFileReference; fileEncoding = 4; lastKnownFileType = sourcecode.c.h; name = getCurrentWiFiSSID.h; path = lib/getCurrentWiFiSSID.h; sourceTree = "<group>"; };
		3AE2FEFC1C0874E0009FBA2F /* getCurrentWiFiSSID.m */ = {isa = PBXFileReference; fileEncoding = 4; lastKnownFileType = sourcecode.c.objc; name = getCurrentWiFiSSID.m; path = lib/getCurrentWiFiSSID.m; sourceTree = "<group>"; };
		3AEDC6A01BF34F2200868262 /* JSONKit.h */ = {isa = PBXFileReference; fileEncoding = 4; lastKnownFileType = sourcecode.c.h; path = JSONKit.h; sourceTree = "<group>"; };
		3AEDC6A11BF34F2200868262 /* JSONKit.m */ = {isa = PBXFileReference; fileEncoding = 4; lastKnownFileType = sourcecode.c.objc; path = JSONKit.m; sourceTree = "<group>"; };
		3AEDC6BA1BF357A800868262 /* BLNetwork.h */ = {isa = PBXFileReference; fileEncoding = 4; lastKnownFileType = sourcecode.c.h; path = BLNetwork.h; sourceTree = "<group>"; };
/* End PBXFileReference section */

/* Begin PBXFrameworksBuildPhase section */
		0273B24B1CA26FE100071F69 /* Frameworks */ = {
			isa = PBXFrameworksBuildPhase;
			buildActionMask = 2147483647;
			files = (
				0273B24F1CA26FE100071F69 /* NotificationCenter.framework in Frameworks */,
			);
			runOnlyForDeploymentPostprocessing = 0;
		};
		3AC818511BE8917000D195F6 /* Frameworks */ = {
			isa = PBXFrameworksBuildPhase;
			buildActionMask = 2147483647;
			files = (
				3ACE127E1C23D0D1008B0CBD /* libBLNetwork.a in Frameworks */,
				3AD807791C17D0B500AC0891 /* libsqlite3.0.tbd in Frameworks */,
				02910B901C1DD2E4001833C7 /* libsqlite3.dylib in Frameworks */,
			);
			runOnlyForDeploymentPostprocessing = 0;
		};
/* End PBXFrameworksBuildPhase section */

/* Begin PBXGroup section */
		022F9ED71CA41BD500153FAF /* SDWebImage */ = {
			isa = PBXGroup;
			children = (
				022F9ED81CA41BD500153FAF /* MKAnnotationView+WebCache.h */,
				022F9ED91CA41BD500153FAF /* MKAnnotationView+WebCache.m */,
				022F9EDA1CA41BD500153FAF /* NSData+ImageContentType.h */,
				022F9EDB1CA41BD500153FAF /* NSData+ImageContentType.m */,
				022F9EDC1CA41BD500153FAF /* SDImageCache.h */,
				022F9EDD1CA41BD500153FAF /* SDImageCache.m */,
				022F9EDE1CA41BD500153FAF /* SDWebImageCompat.h */,
				022F9EDF1CA41BD500153FAF /* SDWebImageCompat.m */,
				022F9EE01CA41BD500153FAF /* SDWebImageDecoder.h */,
				022F9EE11CA41BD500153FAF /* SDWebImageDecoder.m */,
				022F9EE21CA41BD500153FAF /* SDWebImageDownloader.h */,
				022F9EE31CA41BD500153FAF /* SDWebImageDownloader.m */,
				022F9EE41CA41BD500153FAF /* SDWebImageDownloaderOperation.h */,
				022F9EE51CA41BD500153FAF /* SDWebImageDownloaderOperation.m */,
				022F9EE61CA41BD500153FAF /* SDWebImageManager.h */,
				022F9EE71CA41BD500153FAF /* SDWebImageManager.m */,
				022F9EE81CA41BD500153FAF /* SDWebImageOperation.h */,
				022F9EE91CA41BD500153FAF /* SDWebImagePrefetcher.h */,
				022F9EEA1CA41BD500153FAF /* SDWebImagePrefetcher.m */,
				022F9EEB1CA41BD500153FAF /* UIButton+WebCache.h */,
				022F9EEC1CA41BD500153FAF /* UIButton+WebCache.m */,
				022F9EED1CA41BD500153FAF /* UIImage+GIF.h */,
				022F9EEE1CA41BD500153FAF /* UIImage+GIF.m */,
				022F9EEF1CA41BD500153FAF /* UIImage+MultiFormat.h */,
				022F9EF01CA41BD500153FAF /* UIImage+MultiFormat.m */,
				022F9EF11CA41BD500153FAF /* UIImage+WebP.h */,
				022F9EF21CA41BD500153FAF /* UIImage+WebP.m */,
				022F9EF31CA41BD500153FAF /* UIImageView+HighlightedWebCache.h */,
				022F9EF41CA41BD500153FAF /* UIImageView+HighlightedWebCache.m */,
				022F9EF51CA41BD500153FAF /* UIImageView+WebCache.h */,
				022F9EF61CA41BD500153FAF /* UIImageView+WebCache.m */,
				022F9EF71CA41BD500153FAF /* UIView+WebCacheOperation.h */,
				022F9EF81CA41BD500153FAF /* UIView+WebCacheOperation.m */,
			);
			name = SDWebImage;
			path = 3rd/SDWebImage;
			sourceTree = "<group>";
		};
		0273B2211CA2563900071F69 /* Frameworks */ = {
			isa = PBXGroup;
			children = (
				0273B2221CA2563900071F69 /* NotificationCenter.framework */,
			);
			name = Frameworks;
			sourceTree = "<group>";
		};
		0273B2501CA26FE100071F69 /* Todaybhk */ = {
			isa = PBXGroup;
			children = (
				0273B2531CA26FE100071F69 /* TodayViewController.h */,
				0273B2541CA26FE100071F69 /* TodayViewController.m */,
				0273B2561CA26FE100071F69 /* MainInterface.storyboard */,
				0273B2511CA26FE100071F69 /* Supporting Files */,
			);
			path = Todaybhk;
			sourceTree = "<group>";
		};
		0273B2511CA26FE100071F69 /* Supporting Files */ = {
			isa = PBXGroup;
			children = (
				0273B2521CA26FE100071F69 /* Info.plist */,
			);
			name = "Supporting Files";
			sourceTree = "<group>";
		};
		02D9946F1C96EB5C007D6E2F /* ASProgressPopUpView */ = {
			isa = PBXGroup;
			children = (
				02D994701C96EB5C007D6E2F /* ASPopUpView.h */,
				02D994711C96EB5C007D6E2F /* ASPopUpView.m */,
				02D994721C96EB5C007D6E2F /* ASProgressPopUpView.h */,
				02D994731C96EB5C007D6E2F /* ASProgressPopUpView.m */,
			);
			name = ASProgressPopUpView;
			path = 3rd/ASProgressPopUpView;
			sourceTree = "<group>";
		};
		02F614911C26B1310075F592 /* SDKTool */ = {
			isa = PBXGroup;
			children = (
				02CAEEC21C25367600603CF4 /* BLSDKTool.h */,
				02CAEEC31C25367600603CF4 /* BLSDKTool.m */,
			);
			name = SDKTool;
			sourceTree = "<group>";
		};
		02F614921C26B1400075F592 /* bhkFMDB */ = {
			isa = PBXGroup;
			children = (
				02935AD81C17273F00C855F2 /* bhkFMDB.h */,
				02935AD91C17273F00C855F2 /* bhkFMDB.m */,
			);
			name = bhkFMDB;
			sourceTree = "<group>";
		};
		02F614991C270B880075F592 /* UIImage */ = {
			isa = PBXGroup;
			children = (
				02F614961C26F9D90075F592 /* UIImage+MJ.h */,
				02F614971C26F9D90075F592 /* UIImage+MJ.m */,
			);
			name = UIImage;
			sourceTree = "<group>";
		};
		3A0685131C1083B700591885 /* tool */ = {
			isa = PBXGroup;
			children = (
				02F614931C26B2010075F592 /* bhkCommon.h */,
				02F614991C270B880075F592 /* UIImage */,
				3AE2FEFA1C0874A4009FBA2F /* getCurrentWiFiSSID */,
				02F614911C26B1310075F592 /* SDKTool */,
				02F614921C26B1400075F592 /* bhkFMDB */,
				3AEDC6BA1BF357A800868262 /* BLNetwork.h */,
				3ACE127A1C23BB58008B0CBD /* libBLNetwork.a */,
				3AD807781C17D0B500AC0891 /* libsqlite3.0.tbd */,
				02910B8F1C1DD2E4001833C7 /* libsqlite3.dylib */,
			);
			name = tool;
			sourceTree = "<group>";
		};
		3A1EC3161C21933E00F826F4 /* MBProgressHUD */ = {
			isa = PBXGroup;
			children = (
				3A1EC3171C219BA100F826F4 /* MBProgressHUD.bundle */,
				3A1EC3181C219BA100F826F4 /* MBProgressHUD+MJ.h */,
				3A1EC3191C219BA100F826F4 /* MBProgressHUD+MJ.m */,
				3A1EC3131C21930800F826F4 /* MBProgressHUD.h */,
				3A1EC3141C21930800F826F4 /* MBProgressHUD.m */,
			);
			name = MBProgressHUD;
			sourceTree = "<group>";
		};
		3A25723F1BEC9BB200E8A62E /* model */ = {
			isa = PBXGroup;
			children = (
				3A915E5C1BEB6102005375CE /* BLDeviceInfo.h */,
				3A915E5D1BEB6102005375CE /* BLDeviceInfo.m */,
				3ACE127F1C241D0D008B0CBD /* A1listInfo.h */,
				3ACE12801C241D0D008B0CBD /* A1listInfo.m */,
				3A64FBA81C2D2911000524D7 /* SplistInfo.h */,
				3A64FBA91C2D2911000524D7 /* SplistInfo.m */,
				3A2756751C4579AE002075D6 /* RmlistInfo.h */,
				3A2756761C4579AE002075D6 /* RmlistInfo.m */,
				029CBF501C7750010012E442 /* Rm2data.h */,
				029CBF511C7750010012E442 /* Rm2data.m */,
			);
			name = model;
			sourceTree = "<group>";
		};
		3A2572401BEC9BBC00E8A62E /* view */ = {
			isa = PBXGroup;
			children = (
				3AC2CBB71C033CB40029B2D5 /* DeviceCell.h */,
				3AC2CBB81C033CB40029B2D5 /* DeviceCell.m */,
				3A148ED51C282DBB009CA1BB /* DetailspageimageView.h */,
				3A148ED61C282DBB009CA1BB /* DetailspageimageView.m */,
				02D994791C971349007D6E2F /* tempprogressView.h */,
				02D9947A1C971349007D6E2F /* tempprogressView.m */,
				02D9947C1C971D7F007D6E2F /* humidityprogressView.h */,
				02D9947D1C971D7F007D6E2F /* humidityprogressView.m */,
				02D9947F1C972017007D6E2F /* lightprogressView.h */,
				02D994801C972017007D6E2F /* lightprogressView.m */,
				02D994821C972043007D6E2F /* airprogressView.h */,
				02D994831C972043007D6E2F /* airprogressView.m */,
				02D994851C972059007D6E2F /* noisyprogressView.h */,
				02D994861C972059007D6E2F /* noisyprogressView.m */,
			);
			name = view;
			sourceTree = "<group>";
		};
		3A2572411BEC9BC100E8A62E /* controller */ = {
			isa = PBXGroup;
			children = (
				3A9EF40B1BE8DCDE00F21DD2 /* MainTableViewController.h */,
				3A9EF40C1BE8DCDE00F21DD2 /* MainTableViewController.m */,
				3AE2FEF71C085890009FBA2F /* Spbtn.h */,
				3AE2FEF81C085890009FBA2F /* Spbtn.m */,
				3A64FBAB1C2D4EC8000524D7 /* Detailbtn.h */,
				3A64FBAC1C2D4EC8000524D7 /* Detailbtn.m */,
				3A06AE6C1C3D37E000C544BF /* Rm2btn.h */,
				3A06AE6D1C3D37E000C544BF /* Rm2btn.m */,
			);
			name = controller;
			sourceTree = "<group>";
		};
		3A7B33921BE8E43F001D59AF /* Main */ = {
			isa = PBXGroup;
			children = (
				3A2572411BEC9BC100E8A62E /* controller */,
				3A2572401BEC9BBC00E8A62E /* view */,
				3A25723F1BEC9BB200E8A62E /* model */,
			);
			name = Main;
			sourceTree = "<group>";
		};
		3A915E5F1BEB6134005375CE /* 3rd */ = {
			isa = PBXGroup;
			children = (
				022F9ED71CA41BD500153FAF /* SDWebImage */,
				02D9946F1C96EB5C007D6E2F /* ASProgressPopUpView */,
				3A9EF4141BE8DE0F00F21DD2 /* SWRevealViewController */,
				3AC06D751C1AF5F900068164 /* FMDB */,
				3A1EC3161C21933E00F826F4 /* MBProgressHUD */,
				3ADAF4101C231E5000F0CE80 /* MJRefresh */,
				3AEDC6931BF31C6200868262 /* JSONKit */,
			);
			name = 3rd;
			sourceTree = "<group>";
		};
		3A9DDFF51C11740C001FFDEE /* leftview */ = {
			isa = PBXGroup;
			children = (
				3A06850A1C10766800591885 /* leftviewTableViewController.h */,
				3A06850B1C10766800591885 /* leftviewTableViewController.m */,
				3AC8185E1BE8917000D195F6 /* ViewController.h */,
				3AC8185F1BE8917000D195F6 /* ViewController.m */,
				3A06850D1C1079FF00591885 /* CustomcontrolViewController.h */,
				3A06850E1C1079FF00591885 /* CustomcontrolViewController.m */,
			);
			name = leftview;
			sourceTree = "<group>";
		};
		3A9EF4051BE8D50400F21DD2 /* lib */ = {
			isa = PBXGroup;
			children = (
				3A915E5F1BEB6134005375CE /* 3rd */,
				3A0685131C1083B700591885 /* tool */,
			);
			name = lib;
			sourceTree = "<group>";
		};
		3A9EF4141BE8DE0F00F21DD2 /* SWRevealViewController */ = {
			isa = PBXGroup;
			children = (
				3A9EF4151BE8DE2500F21DD2 /* SWRevealViewController.h */,
				3A9EF4161BE8DE2500F21DD2 /* SWRevealViewController.m */,
			);
			name = SWRevealViewController;
			sourceTree = "<group>";
		};
		3AC06D751C1AF5F900068164 /* FMDB */ = {
			isa = PBXGroup;
			children = (
				3AC06D761C1AF60B00068164 /* FMDatabase.h */,
				3AC06D771C1AF60B00068164 /* FMDatabase.m */,
				3AC06D781C1AF60B00068164 /* FMDatabaseAdditions.h */,
				3AC06D791C1AF60B00068164 /* FMDatabaseAdditions.m */,
				3AC06D7A1C1AF60B00068164 /* FMDatabasePool.h */,
				3AC06D7B1C1AF60B00068164 /* FMDatabasePool.m */,
				3AC06D7C1C1AF60B00068164 /* FMDatabaseQueue.h */,
				3AC06D7D1C1AF60B00068164 /* FMDatabaseQueue.m */,
				3AC06D7E1C1AF60B00068164 /* FMDB.h */,
				3AC06D7F1C1AF60B00068164 /* FMResultSet.h */,
				3AC06D801C1AF60B00068164 /* FMResultSet.m */,
			);
			name = FMDB;
			sourceTree = "<group>";
		};
		3AC8184B1BE8917000D195F6 = {
			isa = PBXGroup;
			children = (
				3AC818561BE8917000D195F6 /* bhkreader */,
				3AC818701BE8917000D195F6 /* bhkreaderTests */,
				0273B2501CA26FE100071F69 /* Todaybhk */,
				0273B2211CA2563900071F69 /* Frameworks */,
				3AC818551BE8917000D195F6 /* Products */,
			);
			sourceTree = "<group>";
		};
		3AC818551BE8917000D195F6 /* Products */ = {
			isa = PBXGroup;
			children = (
				3AC818541BE8917000D195F6 /* bhkreader.app */,
				0273B24E1CA26FE100071F69 /* Todaybhk.appex */,
			);
			name = Products;
			sourceTree = "<group>";
		};
		3AC818561BE8917000D195F6 /* bhkreader */ = {
			isa = PBXGroup;
			children = (
				3AC8185B1BE8917000D195F6 /* AppDelegate.h */,
				3AC8185C1BE8917000D195F6 /* AppDelegate.m */,
				3A9DDFF51C11740C001FFDEE /* leftview */,
				3A7B33921BE8E43F001D59AF /* Main */,
				3A9EF4051BE8D50400F21DD2 /* lib */,
				3AC818611BE8917000D195F6 /* Main.storyboard */,
				3AC818641BE8917000D195F6 /* Images.xcassets */,
				3AC818571BE8917000D195F6 /* Supporting Files */,
			);
			path = bhkreader;
			sourceTree = "<group>";
		};
		3AC818571BE8917000D195F6 /* Supporting Files */ = {
			isa = PBXGroup;
			children = (
				3AC818581BE8917000D195F6 /* Info.plist */,
				3AC818591BE8917000D195F6 /* main.m */,
			);
			name = "Supporting Files";
			sourceTree = "<group>";
		};
		3AC818701BE8917000D195F6 /* bhkreaderTests */ = {
			isa = PBXGroup;
			children = (
				3AC818731BE8917000D195F6 /* bhkreaderTests.m */,
				3AC818711BE8917000D195F6 /* Supporting Files */,
			);
			path = bhkreaderTests;
			sourceTree = "<group>";
		};
		3AC818711BE8917000D195F6 /* Supporting Files */ = {
			isa = PBXGroup;
			children = (
				3AC818721BE8917000D195F6 /* Info.plist */,
			);
			name = "Supporting Files";
			sourceTree = "<group>";
		};
		3ADAF4101C231E5000F0CE80 /* MJRefresh */ = {
			isa = PBXGroup;
			children = (
				3ADAF4111C231E5000F0CE80 /* Base */,
				3ADAF41C1C231E5000F0CE80 /* Custom */,
				3ADAF4331C231E5000F0CE80 /* MJRefresh.bundle */,
				3ADAF4341C231E5000F0CE80 /* MJRefresh.h */,
				3ADAF4351C231E5000F0CE80 /* MJRefreshConst.h */,
				3ADAF4361C231E5000F0CE80 /* MJRefreshConst.m */,
				3ADAF4371C231E5000F0CE80 /* UIScrollView+MJExtension.h */,
				3ADAF4381C231E5000F0CE80 /* UIScrollView+MJExtension.m */,
				3ADAF4391C231E5000F0CE80 /* UIScrollView+MJRefresh.h */,
				3ADAF43A1C231E5000F0CE80 /* UIScrollView+MJRefresh.m */,
				3ADAF43B1C231E5000F0CE80 /* UIView+MJExtension.h */,
				3ADAF43C1C231E5000F0CE80 /* UIView+MJExtension.m */,
			);
			name = MJRefresh;
			path = 3rd/MJRefresh;
			sourceTree = "<group>";
		};
		3ADAF4111C231E5000F0CE80 /* Base */ = {
			isa = PBXGroup;
			children = (
				3ADAF4121C231E5000F0CE80 /* MJRefreshAutoFooter.h */,
				3ADAF4131C231E5000F0CE80 /* MJRefreshAutoFooter.m */,
				3ADAF4141C231E5000F0CE80 /* MJRefreshBackFooter.h */,
				3ADAF4151C231E5000F0CE80 /* MJRefreshBackFooter.m */,
				3ADAF4161C231E5000F0CE80 /* MJRefreshComponent.h */,
				3ADAF4171C231E5000F0CE80 /* MJRefreshComponent.m */,
				3ADAF4181C231E5000F0CE80 /* MJRefreshFooter.h */,
				3ADAF4191C231E5000F0CE80 /* MJRefreshFooter.m */,
				3ADAF41A1C231E5000F0CE80 /* MJRefreshHeader.h */,
				3ADAF41B1C231E5000F0CE80 /* MJRefreshHeader.m */,
			);
			path = Base;
			sourceTree = "<group>";
		};
		3ADAF41C1C231E5000F0CE80 /* Custom */ = {
			isa = PBXGroup;
			children = (
				3ADAF41D1C231E5000F0CE80 /* Footer */,
				3ADAF42C1C231E5000F0CE80 /* Header */,
			);
			path = Custom;
			sourceTree = "<group>";
		};
		3ADAF41D1C231E5000F0CE80 /* Footer */ = {
			isa = PBXGroup;
			children = (
				3ADAF41E1C231E5000F0CE80 /* Auto */,
				3ADAF4251C231E5000F0CE80 /* Back */,
			);
			path = Footer;
			sourceTree = "<group>";
		};
		3ADAF41E1C231E5000F0CE80 /* Auto */ = {
			isa = PBXGroup;
			children = (
				3ADAF41F1C231E5000F0CE80 /* MJRefreshAutoGifFooter.h */,
				3ADAF4201C231E5000F0CE80 /* MJRefreshAutoGifFooter.m */,
				3ADAF4211C231E5000F0CE80 /* MJRefreshAutoNormalFooter.h */,
				3ADAF4221C231E5000F0CE80 /* MJRefreshAutoNormalFooter.m */,
				3ADAF4231C231E5000F0CE80 /* MJRefreshAutoStateFooter.h */,
				3ADAF4241C231E5000F0CE80 /* MJRefreshAutoStateFooter.m */,
			);
			path = Auto;
			sourceTree = "<group>";
		};
		3ADAF4251C231E5000F0CE80 /* Back */ = {
			isa = PBXGroup;
			children = (
				3ADAF4261C231E5000F0CE80 /* MJRefreshBackGifFooter.h */,
				3ADAF4271C231E5000F0CE80 /* MJRefreshBackGifFooter.m */,
				3ADAF4281C231E5000F0CE80 /* MJRefreshBackNormalFooter.h */,
				3ADAF4291C231E5000F0CE80 /* MJRefreshBackNormalFooter.m */,
				3ADAF42A1C231E5000F0CE80 /* MJRefreshBackStateFooter.h */,
				3ADAF42B1C231E5000F0CE80 /* MJRefreshBackStateFooter.m */,
			);
			path = Back;
			sourceTree = "<group>";
		};
		3ADAF42C1C231E5000F0CE80 /* Header */ = {
			isa = PBXGroup;
			children = (
				3ADAF42D1C231E5000F0CE80 /* MJRefreshGifHeader.h */,
				3ADAF42E1C231E5000F0CE80 /* MJRefreshGifHeader.m */,
				3ADAF42F1C231E5000F0CE80 /* MJRefreshNormalHeader.h */,
				3ADAF4301C231E5000F0CE80 /* MJRefreshNormalHeader.m */,
				3ADAF4311C231E5000F0CE80 /* MJRefreshStateHeader.h */,
				3ADAF4321C231E5000F0CE80 /* MJRefreshStateHeader.m */,
			);
			path = Header;
			sourceTree = "<group>";
		};
		3AE2FEFA1C0874A4009FBA2F /* getCurrentWiFiSSID */ = {
			isa = PBXGroup;
			children = (
				3AE2FEFB1C0874E0009FBA2F /* getCurrentWiFiSSID.h */,
				3AE2FEFC1C0874E0009FBA2F /* getCurrentWiFiSSID.m */,
			);
			name = getCurrentWiFiSSID;
			sourceTree = "<group>";
		};
		3AEDC6931BF31C6200868262 /* JSONKit */ = {
			isa = PBXGroup;
			children = (
				3AEDC6A01BF34F2200868262 /* JSONKit.h */,
				3AEDC6A11BF34F2200868262 /* JSONKit.m */,
			);
			name = JSONKit;
			sourceTree = "<group>";
		};
/* End PBXGroup section */

/* Begin PBXNativeTarget section */
		0273B24D1CA26FE100071F69 /* Todaybhk */ = {
			isa = PBXNativeTarget;
			buildConfigurationList = 0273B25B1CA26FE200071F69 /* Build configuration list for PBXNativeTarget "Todaybhk" */;
			buildPhases = (
				0273B24A1CA26FE100071F69 /* Sources */,
				0273B24B1CA26FE100071F69 /* Frameworks */,
				0273B24C1CA26FE100071F69 /* Resources */,
			);
			buildRules = (
			);
			dependencies = (
			);
			name = Todaybhk;
			productName = Todaybhk;
			productReference = 0273B24E1CA26FE100071F69 /* Todaybhk.appex */;
			productType = "com.apple.product-type.app-extension";
		};
		3AC818531BE8917000D195F6 /* bhkreader */ = {
			isa = PBXNativeTarget;
			buildConfigurationList = 3AC818771BE8917000D195F6 /* Build configuration list for PBXNativeTarget "bhkreader" */;
			buildPhases = (
				3AC818501BE8917000D195F6 /* Sources */,
				3AC818511BE8917000D195F6 /* Frameworks */,
				3AC818521BE8917000D195F6 /* Resources */,
				020361651CC1E2C50092A5D7 /* Embed App Extensions */,
			);
			buildRules = (
			);
			dependencies = (
				020361641CC1E2C50092A5D7 /* PBXTargetDependency */,
			);
			name = bhkreader;
			productName = bhkreader;
			productReference = 3AC818541BE8917000D195F6 /* bhkreader.app */;
			productType = "com.apple.product-type.application";
		};
/* End PBXNativeTarget section */

/* Begin PBXProject section */
		3AC8184C1BE8917000D195F6 /* Project object */ = {
			isa = PBXProject;
			attributes = {
				LastUpgradeCheck = 0710;
				ORGANIZATIONNAME = bai;
				TargetAttributes = {
					0273B24D1CA26FE100071F69 = {
						CreatedOnToolsVersion = 6.4;
						DevelopmentTeam = 5YQ85Q9UV8;
						ProvisioningStyle = Manual;
					};
					3AC818531BE8917000D195F6 = {
						CreatedOnToolsVersion = 6.2;
						DevelopmentTeam = 5YQ85Q9UV8;
						ProvisioningStyle = Manual;
					};
				};
			};
			buildConfigurationList = 3AC8184F1BE8917000D195F6 /* Build configuration list for PBXProject "bhkreader" */;
			compatibilityVersion = "Xcode 3.2";
			developmentRegion = English;
			hasScannedForEncodings = 0;
			knownRegions = (
				en,
				Base,
				es,
				ja,
				pt,
				ru,
				vi,
				"zh-Hans-CN",
				"zh-Hans",
				"zh-Hant-HK",
				"zh-Hant-TW",
				"zh-Hant",
				zh,
			);
			mainGroup = 3AC8184B1BE8917000D195F6;
			productRefGroup = 3AC818551BE8917000D195F6 /* Products */;
			projectDirPath = "";
			projectRoot = "";
			targets = (
				3AC818531BE8917000D195F6 /* bhkreader */,
				0273B24D1CA26FE100071F69 /* Todaybhk */,
			);
		};
/* End PBXProject section */

/* Begin PBXResourcesBuildPhase section */
		0273B24C1CA26FE100071F69 /* Resources */ = {
			isa = PBXResourcesBuildPhase;
			buildActionMask = 2147483647;
			files = (
				0273B2571CA26FE100071F69 /* MainInterface.storyboard in Resources */,
			);
			runOnlyForDeploymentPostprocessing = 0;
		};
		3AC818521BE8917000D195F6 /* Resources */ = {
			isa = PBXResourcesBuildPhase;
			buildActionMask = 2147483647;
			files = (
				3AC818631BE8917000D195F6 /* Main.storyboard in Resources */,
				3A1EC31A1C219BA100F826F4 /* MBProgressHUD.bundle in Resources */,
				3ADAF44B1C231E5000F0CE80 /* MJRefresh.bundle in Resources */,
				3AC818651BE8917000D195F6 /* Images.xcassets in Resources */,
			);
			runOnlyForDeploymentPostprocessing = 0;
		};
/* End PBXResourcesBuildPhase section */

/* Begin PBXSourcesBuildPhase section */
		0273B24A1CA26FE100071F69 /* Sources */ = {
			isa = PBXSourcesBuildPhase;
			buildActionMask = 2147483647;
			files = (
				0273B2551CA26FE100071F69 /* TodayViewController.m in Sources */,
			);
			runOnlyForDeploymentPostprocessing = 0;
		};
		3AC818501BE8917000D195F6 /* Sources */ = {
			isa = PBXSourcesBuildPhase;
			buildActionMask = 2147483647;
			files = (
				3ADAF44D1C231E5000F0CE80 /* UIScrollView+MJExtension.m in Sources */,
				02935ADA1C17273F00C855F2 /* bhkFMDB.m in Sources */,
				02D994811C972017007D6E2F /* lightprogressView.m in Sources */,
				3A148ED71C282DBB009CA1BB /* DetailspageimageView.m in Sources */,
				022F9EFE1CA41BD500153FAF /* SDWebImageDownloader.m in Sources */,
				02D9947B1C971349007D6E2F /* tempprogressView.m in Sources */,
				3ADAF43D1C231E5000F0CE80 /* MJRefreshAutoFooter.m in Sources */,
				3AE2FEF91C085890009FBA2F /* Spbtn.m in Sources */,
				3A06850C1C10766800591885 /* leftviewTableViewController.m in Sources */,
				3AC06D811C1AF60B00068164 /* FMDatabase.m in Sources */,
				022F9F041CA41BD500153FAF /* UIImage+MultiFormat.m in Sources */,
				3A9EF40D1BE8DCDE00F21DD2 /* MainTableViewController.m in Sources */,
				3AC818601BE8917000D195F6 /* ViewController.m in Sources */,
				3A64FBAD1C2D4EC8000524D7 /* Detailbtn.m in Sources */,
				029CD84D1D93E1A600EE9138 /* TodayViewController.m in Sources */,
				022F9F031CA41BD500153FAF /* UIImage+GIF.m in Sources */,
				3AC06D851C1AF60B00068164 /* FMResultSet.m in Sources */,
				3ADAF43F1C231E5000F0CE80 /* MJRefreshComponent.m in Sources */,
				3A1EC3151C21930800F826F4 /* MBProgressHUD.m in Sources */,
				3ADAF4451C231E5000F0CE80 /* MJRefreshBackGifFooter.m in Sources */,
				022F9EFD1CA41BD500153FAF /* SDWebImageDecoder.m in Sources */,
				3A9EF4171BE8DE2500F21DD2 /* SWRevealViewController.m in Sources */,
				3AC8185D1BE8917000D195F6 /* AppDelegate.m in Sources */,
				022F9EFA1CA41BD500153FAF /* NSData+ImageContentType.m in Sources */,
				3AC8185A1BE8917000D195F6 /* main.m in Sources */,
				3A06AE6E1C3D37E000C544BF /* Rm2btn.m in Sources */,
				3ACE12811C241D0D008B0CBD /* A1listInfo.m in Sources */,
				3ADAF44F1C231E5000F0CE80 /* UIView+MJExtension.m in Sources */,
				3A2756771C4579AE002075D6 /* RmlistInfo.m in Sources */,
				022F9EF91CA41BD500153FAF /* MKAnnotationView+WebCache.m in Sources */,
				02D9947E1C971D7F007D6E2F /* humidityprogressView.m in Sources */,
				3A06850F1C1079FF00591885 /* CustomcontrolViewController.m in Sources */,
				3ADAF44A1C231E5000F0CE80 /* MJRefreshStateHeader.m in Sources */,
				3ADAF4461C231E5000F0CE80 /* MJRefreshBackNormalFooter.m in Sources */,
				02CAEEC41C25367600603CF4 /* BLSDKTool.m in Sources */,
				022F9F061CA41BD500153FAF /* UIImageView+HighlightedWebCache.m in Sources */,
				3ADAF44E1C231E5000F0CE80 /* UIScrollView+MJRefresh.m in Sources */,
				022F9F001CA41BD500153FAF /* SDWebImageManager.m in Sources */,
				3ADAF4431C231E5000F0CE80 /* MJRefreshAutoNormalFooter.m in Sources */,
				3AEDC6A21BF34F2200868262 /* JSONKit.m in Sources */,
				022F9F011CA41BD500153FAF /* SDWebImagePrefetcher.m in Sources */,
				022F9F021CA41BD500153FAF /* UIButton+WebCache.m in Sources */,
				3ADAF4491C231E5000F0CE80 /* MJRefreshNormalHeader.m in Sources */,
				3ADAF4441C231E5000F0CE80 /* MJRefreshAutoStateFooter.m in Sources */,
				3A64FBAA1C2D2911000524D7 /* SplistInfo.m in Sources */,
				022F9F071CA41BD500153FAF /* UIImageView+WebCache.m in Sources */,
				02F614981C26F9D90075F592 /* UIImage+MJ.m in Sources */,
				022F9F051CA41BD500153FAF /* UIImage+WebP.m in Sources */,
				02D994751C96EB5C007D6E2F /* ASProgressPopUpView.m in Sources */,
				3ADAF43E1C231E5000F0CE80 /* MJRefreshBackFooter.m in Sources */,
				02D994841C972043007D6E2F /* airprogressView.m in Sources */,
				3ADAF4481C231E5000F0CE80 /* MJRefreshGifHeader.m in Sources */,
				3A915E5E1BEB6102005375CE /* BLDeviceInfo.m in Sources */,
				022F9F081CA41BD500153FAF /* UIView+WebCacheOperation.m in Sources */,
				3ADAF44C1C231E5000F0CE80 /* MJRefreshConst.m in Sources */,
				3ADAF4421C231E5000F0CE80 /* MJRefreshAutoGifFooter.m in Sources */,
				029CBF521C7750010012E442 /* Rm2data.m in Sources */,
				3ADAF4401C231E5000F0CE80 /* MJRefreshFooter.m in Sources */,
				3AE2FEFD1C0874E0009FBA2F /* getCurrentWiFiSSID.m in Sources */,
				3ADAF4471C231E5000F0CE80 /* MJRefreshBackStateFooter.m in Sources */,
				3AC06D831C1AF60B00068164 /* FMDatabasePool.m in Sources */,
				3ADAF4411C231E5000F0CE80 /* MJRefreshHeader.m in Sources */,
				02D994741C96EB5C007D6E2F /* ASPopUpView.m in Sources */,
				022F9EFC1CA41BD500153FAF /* SDWebImageCompat.m in Sources */,
				3A1EC31B1C219BA100F826F4 /* MBProgressHUD+MJ.m in Sources */,
				022F9EFB1CA41BD500153FAF /* SDImageCache.m in Sources */,
				022F9EFF1CA41BD500153FAF /* SDWebImageDownloaderOperation.m in Sources */,
				3AC06D841C1AF60B00068164 /* FMDatabaseQueue.m in Sources */,
				3AC2CBB91C033CB40029B2D5 /* DeviceCell.m in Sources */,
				02D994871C972059007D6E2F /* noisyprogressView.m in Sources */,
				3AC06D821C1AF60B00068164 /* FMDatabaseAdditions.m in Sources */,
			);
			runOnlyForDeploymentPostprocessing = 0;
		};
/* End PBXSourcesBuildPhase section */

/* Begin PBXTargetDependency section */
		020361641CC1E2C50092A5D7 /* PBXTargetDependency */ = {
			isa = PBXTargetDependency;
			target = 0273B24D1CA26FE100071F69 /* Todaybhk */;
			targetProxy = 020361631CC1E2C50092A5D7 /* PBXContainerItemProxy */;
		};
/* End PBXTargetDependency section */

/* Begin PBXVariantGroup section */
		3AC818611BE8917000D195F6 /* Main.storyboard */ = {
			isa = PBXVariantGroup;
			children = (
				3AC818621BE8917000D195F6 /* Base */,
			);
			name = Main.storyboard;
			sourceTree = "<group>";
		};
/* End PBXVariantGroup section */

/* Begin XCBuildConfiguration section */
		0273B25C1CA26FE200071F69 /* Debug */ = {
			isa = XCBuildConfiguration;
			buildSettings = {
				CLANG_WARN_DIRECT_OBJC_ISA_USAGE = YES_ERROR;
				CODE_SIGN_IDENTITY = "iPhone Developer";
				"CODE_SIGN_IDENTITY[sdk=iphoneos*]" = "iPhone Developer";
				DEBUG_INFORMATION_FORMAT = "dwarf-with-dsym";
				DEVELOPMENT_TEAM = 5YQ85Q9UV8;
				GCC_NO_COMMON_BLOCKS = YES;
				GCC_PREPROCESSOR_DEFINITIONS = (
					"DEBUG=1",
					"$(inherited)",
				);
				INFOPLIST_FILE = Todaybhk/Info.plist;
				LD_RUNPATH_SEARCH_PATHS = "$(inherited) @executable_path/Frameworks @executable_path/../../Frameworks";
				PRODUCT_BUNDLE_IDENTIFIER = cn.com.broadlink.bhk.Todaybhk;
				PRODUCT_NAME = "$(TARGET_NAME)";
				PROVISIONING_PROFILE = "1268ad35-3562-4355-ae6e-6fcb6b695c32";
				PROVISIONING_PROFILE_SPECIFIER = ios2_econtrol_development;
				SKIP_INSTALL = YES;
			};
			name = Debug;
		};
		0273B25D1CA26FE200071F69 /* Release */ = {
			isa = XCBuildConfiguration;
			buildSettings = {
				CLANG_WARN_DIRECT_OBJC_ISA_USAGE = YES_ERROR;
				CODE_SIGN_IDENTITY = "iPhone Developer";
				"CODE_SIGN_IDENTITY[sdk=iphoneos*]" = "iPhone Developer";
				DEBUG_INFORMATION_FORMAT = "dwarf-with-dsym";
				DEVELOPMENT_TEAM = 5YQ85Q9UV8;
				GCC_NO_COMMON_BLOCKS = YES;
				INFOPLIST_FILE = Todaybhk/Info.plist;
				LD_RUNPATH_SEARCH_PATHS = "$(inherited) @executable_path/Frameworks @executable_path/../../Frameworks";
				PRODUCT_BUNDLE_IDENTIFIER = cn.com.broadlink.bhk.Todaybhk;
				PRODUCT_NAME = "$(TARGET_NAME)";
				PROVISIONING_PROFILE = "1268ad35-3562-4355-ae6e-6fcb6b695c32";
				PROVISIONING_PROFILE_SPECIFIER = ios2_econtrol_development;
				SKIP_INSTALL = YES;
			};
			name = Release;
		};
		3AC818751BE8917000D195F6 /* Debug */ = {
			isa = XCBuildConfiguration;
			buildSettings = {
				ALWAYS_SEARCH_USER_PATHS = NO;
				CLANG_CXX_LANGUAGE_STANDARD = "gnu++0x";
				CLANG_CXX_LIBRARY = "libc++";
				CLANG_ENABLE_MODULES = YES;
				CLANG_ENABLE_OBJC_ARC = YES;
				CLANG_WARN_BOOL_CONVERSION = YES;
				CLANG_WARN_CONSTANT_CONVERSION = YES;
				CLANG_WARN_DIRECT_OBJC_ISA_USAGE = NO;
				CLANG_WARN_EMPTY_BODY = YES;
				CLANG_WARN_ENUM_CONVERSION = YES;
				CLANG_WARN_INT_CONVERSION = YES;
				CLANG_WARN_OBJC_ROOT_CLASS = YES_ERROR;
				CLANG_WARN_UNREACHABLE_CODE = YES;
				CLANG_WARN__DUPLICATE_METHOD_MATCH = YES;
				CODE_SIGN_IDENTITY = "iPhone Developer";
				"CODE_SIGN_IDENTITY[sdk=iphoneos*]" = "iPhone Developer";
				COPY_PHASE_STRIP = NO;
				ENABLE_STRICT_OBJC_MSGSEND = YES;
				ENABLE_TESTABILITY = YES;
				GCC_C_LANGUAGE_STANDARD = gnu99;
				GCC_DYNAMIC_NO_PIC = NO;
				GCC_OPTIMIZATION_LEVEL = 0;
				GCC_PREPROCESSOR_DEFINITIONS = (
					"DEBUG=1",
					"$(inherited)",
				);
				GCC_SYMBOLS_PRIVATE_EXTERN = NO;
				GCC_WARN_64_TO_32_BIT_CONVERSION = YES;
				GCC_WARN_ABOUT_RETURN_TYPE = YES_ERROR;
				GCC_WARN_UNDECLARED_SELECTOR = YES;
				GCC_WARN_UNINITIALIZED_AUTOS = YES_AGGRESSIVE;
				GCC_WARN_UNUSED_FUNCTION = YES;
				GCC_WARN_UNUSED_VARIABLE = YES;
				IPHONEOS_DEPLOYMENT_TARGET = 10.0;
				MTL_ENABLE_DEBUG_INFO = YES;
				ONLY_ACTIVE_ARCH = YES;
				SDKROOT = iphoneos;
				TARGETED_DEVICE_FAMILY = "1,2";
				VALID_ARCHS = "arm64 armv7 armv7s";
			};
			name = Debug;
		};
		3AC818761BE8917000D195F6 /* Release */ = {
			isa = XCBuildConfiguration;
			buildSettings = {
				ALWAYS_SEARCH_USER_PATHS = NO;
				CLANG_CXX_LANGUAGE_STANDARD = "gnu++0x";
				CLANG_CXX_LIBRARY = "libc++";
				CLANG_ENABLE_MODULES = YES;
				CLANG_ENABLE_OBJC_ARC = YES;
				CLANG_WARN_BOOL_CONVERSION = YES;
				CLANG_WARN_CONSTANT_CONVERSION = YES;
				CLANG_WARN_DIRECT_OBJC_ISA_USAGE = NO;
				CLANG_WARN_EMPTY_BODY = YES;
				CLANG_WARN_ENUM_CONVERSION = YES;
				CLANG_WARN_INT_CONVERSION = YES;
				CLANG_WARN_OBJC_ROOT_CLASS = YES_ERROR;
				CLANG_WARN_UNREACHABLE_CODE = YES;
				CLANG_WARN__DUPLICATE_METHOD_MATCH = YES;
				CODE_SIGN_IDENTITY = "iPhone Developer";
				"CODE_SIGN_IDENTITY[sdk=iphoneos*]" = "iPhone Developer";
				COPY_PHASE_STRIP = NO;
				ENABLE_NS_ASSERTIONS = NO;
				ENABLE_STRICT_OBJC_MSGSEND = YES;
				GCC_C_LANGUAGE_STANDARD = gnu99;
				GCC_WARN_64_TO_32_BIT_CONVERSION = YES;
				GCC_WARN_ABOUT_RETURN_TYPE = YES_ERROR;
				GCC_WARN_UNDECLARED_SELECTOR = YES;
				GCC_WARN_UNINITIALIZED_AUTOS = YES_AGGRESSIVE;
				GCC_WARN_UNUSED_FUNCTION = YES;
				GCC_WARN_UNUSED_VARIABLE = YES;
				IPHONEOS_DEPLOYMENT_TARGET = 10.0;
				MTL_ENABLE_DEBUG_INFO = NO;
				ONLY_ACTIVE_ARCH = YES;
				SDKROOT = iphoneos;
				TARGETED_DEVICE_FAMILY = "1,2";
				VALIDATE_PRODUCT = YES;
				VALID_ARCHS = "arm64 armv7 armv7s";
			};
			name = Release;
		};
		3AC818781BE8917000D195F6 /* Debug */ = {
			isa = XCBuildConfiguration;
			buildSettings = {
				ASSETCATALOG_COMPILER_APPICON_NAME = AppIcon;
				ASSETCATALOG_COMPILER_LAUNCHIMAGE_NAME = LaunchImage;
				CODE_SIGN_IDENTITY = "iPhone Developer";
				"CODE_SIGN_IDENTITY[sdk=iphoneos*]" = "iPhone Developer";
				DEVELOPMENT_TEAM = 5YQ85Q9UV8;
				FRAMEWORK_SEARCH_PATHS = (
					"$(inherited)",
					"$(PROJECT_DIR)/trunk",
				);
				INFOPLIST_FILE = bhkreader/Info.plist;
				IPHONEOS_DEPLOYMENT_TARGET = 9.0;
				LD_RUNPATH_SEARCH_PATHS = "$(inherited) @executable_path/Frameworks";
				LIBRARY_SEARCH_PATHS = (
					"$(inherited)",
					"$(PROJECT_DIR)/bhkreader/lib",
					"$(PROJECT_DIR)/bhkreader",
					"$(PROJECT_DIR)",
					"$(PROJECT_DIR)/trunk/e-Control/3rd/BaiduOAuthSDK",
					"$(PROJECT_DIR)/trunk/e-Control/3rd/WeChatSDK_1.5",
					"$(PROJECT_DIR)/trunk/e-Control/3rd/XGPushMessages",
					"$(PROJECT_DIR)/trunk/e-Control/3rd/YSsBundle/lib",
					"$(PROJECT_DIR)/trunk/e-Control/3rd/zBar",
					"$(PROJECT_DIR)/trunk/e-Control/library",
				);
				PRODUCT_BUNDLE_IDENTIFIER = cn.com.broadlink.bhk;
				PRODUCT_NAME = "$(TARGET_NAME)";
				PROVISIONING_PROFILE = "1268ad35-3562-4355-ae6e-6fcb6b695c32";
				PROVISIONING_PROFILE_SPECIFIER = ios2_econtrol_development;
				RUN_CLANG_STATIC_ANALYZER = YES;
				TARGETED_DEVICE_FAMILY = 1;
				VALID_ARCHS = "armv7 arm64 armv7s";
			};
			name = Debug;
		};
		3AC818791BE8917000D195F6 /* Release */ = {
			isa = XCBuildConfiguration;
			buildSettings = {
				ASSETCATALOG_COMPILER_APPICON_NAME = AppIcon;
				ASSETCATALOG_COMPILER_LAUNCHIMAGE_NAME = LaunchImage;
				CODE_SIGN_IDENTITY = "iPhone Developer";
				"CODE_SIGN_IDENTITY[sdk=iphoneos*]" = "iPhone Developer";
				DEVELOPMENT_TEAM = 5YQ85Q9UV8;
				FRAMEWORK_SEARCH_PATHS = (
					"$(inherited)",
					"$(PROJECT_DIR)/trunk",
				);
				INFOPLIST_FILE = bhkreader/Info.plist;
				IPHONEOS_DEPLOYMENT_TARGET = 9.0;
				LD_RUNPATH_SEARCH_PATHS = "$(inherited) @executable_path/Frameworks";
				LIBRARY_SEARCH_PATHS = (
					"$(inherited)",
					"$(PROJECT_DIR)/bhkreader/lib",
					"$(PROJECT_DIR)/bhkreader",
					"$(PROJECT_DIR)",
					"$(PROJECT_DIR)/trunk/e-Control/3rd/BaiduOAuthSDK",
					"$(PROJECT_DIR)/trunk/e-Control/3rd/WeChatSDK_1.5",
					"$(PROJECT_DIR)/trunk/e-Control/3rd/XGPushMessages",
					"$(PROJECT_DIR)/trunk/e-Control/3rd/YSsBundle/lib",
					"$(PROJECT_DIR)/trunk/e-Control/3rd/zBar",
					"$(PROJECT_DIR)/trunk/e-Control/library",
				);
				PRODUCT_BUNDLE_IDENTIFIER = cn.com.broadlink.bhk;
				PRODUCT_NAME = "$(TARGET_NAME)";
				PROVISIONING_PROFILE = "1268ad35-3562-4355-ae6e-6fcb6b695c32";
				PROVISIONING_PROFILE_SPECIFIER = ios2_econtrol_development;
				RUN_CLANG_STATIC_ANALYZER = YES;
				TARGETED_DEVICE_FAMILY = 1;
				VALID_ARCHS = "armv7 arm64 armv7s";
			};
			name = Release;
		};
/* End XCBuildConfiguration section */

/* Begin XCConfigurationList section */
		0273B25B1CA26FE200071F69 /* Build configuration list for PBXNativeTarget "Todaybhk" */ = {
			isa = XCConfigurationList;
			buildConfigurations = (
				0273B25C1CA26FE200071F69 /* Debug */,
				0273B25D1CA26FE200071F69 /* Release */,
			);
			defaultConfigurationIsVisible = 0;
			defaultConfigurationName = Release;
		};
		3AC8184F1BE8917000D195F6 /* Build configuration list for PBXProject "bhkreader" */ = {
			isa = XCConfigurationList;
			buildConfigurations = (
				3AC818751BE8917000D195F6 /* Debug */,
				3AC818761BE8917000D195F6 /* Release */,
			);
			defaultConfigurationIsVisible = 0;
			defaultConfigurationName = Release;
		};
		3AC818771BE8917000D195F6 /* Build configuration list for PBXNativeTarget "bhkreader" */ = {
			isa = XCConfigurationList;
			buildConfigurations = (
				3AC818781BE8917000D195F6 /* Debug */,
				3AC818791BE8917000D195F6 /* Release */,
			);
			defaultConfigurationIsVisible = 0;
			defaultConfigurationName = Release;
		};
/* End XCConfigurationList section */
	};
	rootObject = 3AC8184C1BE8917000D195F6 /* Project object */;
}
